// !$*UTF8*$!
{
	archiveVersion = 1;
	classes = {
	};
	objectVersion = 51;
	objects = {

/* Begin PBXBuildFile section */
		10715E5EBEC92230B874EF35 /* libPods-LTKit.a in Frameworks */ = {isa = PBXBuildFile; fileRef = 7A2161A084AA2540F1B1A99F /* libPods-LTKit.a */; };
		687943820E67AABEFE59F59E /* libPods-LTKitUITests.a in Frameworks */ = {isa = PBXBuildFile; fileRef = A988A394459BB63A72809351 /* libPods-LTKitUITests.a */; };
		AA00663123B19C4300349C55 /* UIView+LTAutoLayout.m in Sources */ = {isa = PBXBuildFile; fileRef = AA00663023B19C4300349C55 /* UIView+LTAutoLayout.m */; };
		AA0252DC23A864860098C132 /* LTPageControl.m in Sources */ = {isa = PBXBuildFile; fileRef = AA0252DB23A864860098C132 /* LTPageControl.m */; };
		AA0252DF23A864BD0098C132 /* LTCyclePagerView.m in Sources */ = {isa = PBXBuildFile; fileRef = AA0252DE23A864BD0098C132 /* LTCyclePagerView.m */; };
		AA0252E223A865640098C132 /* LTCyclePagerTransformLayout.m in Sources */ = {isa = PBXBuildFile; fileRef = AA0252E123A865640098C132 /* LTCyclePagerTransformLayout.m */; };
		AA04444823345DB400FD2F07 /* NSString+LTExtension.m in Sources */ = {isa = PBXBuildFile; fileRef = AA04444723345DB400FD2F07 /* NSString+LTExtension.m */; };
		AA04444B23345F0C00FD2F07 /* NSData+LTEncrypt.m in Sources */ = {isa = PBXBuildFile; fileRef = AA04444A23345F0C00FD2F07 /* NSData+LTEncrypt.m */; };
		AA04444E2334664200FD2F07 /* NSString+LTRegex.m in Sources */ = {isa = PBXBuildFile; fileRef = AA04444D2334664200FD2F07 /* NSString+LTRegex.m */; };
		AA0444552334679300FD2F07 /* NSString+LTEncrypt.m in Sources */ = {isa = PBXBuildFile; fileRef = AA0444542334679300FD2F07 /* NSString+LTEncrypt.m */; };
		AA0487E6234F051600A7A87D /* LTAdPageView.m in Sources */ = {isa = PBXBuildFile; fileRef = AA0487E5234F051600A7A87D /* LTAdPageView.m */; };
		AA08449B234DD3F800CDAC5D /* LTFPSLabel.m in Sources */ = {isa = PBXBuildFile; fileRef = AA08449A234DD3F800CDAC5D /* LTFPSLabel.m */; };
		AA0A9BFE23385CBE008D0B08 /* UIApplication+LTExtension.m in Sources */ = {isa = PBXBuildFile; fileRef = AA0A9BFD23385CBE008D0B08 /* UIApplication+LTExtension.m */; };
		AA0A9C012338A39E008D0B08 /* UIButton+LTBadge.m in Sources */ = {isa = PBXBuildFile; fileRef = AA0A9C002338A39E008D0B08 /* UIButton+LTBadge.m */; };
		AA0A9C042338A3D1008D0B08 /* UIButton+LTExtension.m in Sources */ = {isa = PBXBuildFile; fileRef = AA0A9C032338A3D1008D0B08 /* UIButton+LTExtension.m */; };
		AA14936323A9C77C004A0EF5 /* LTPagerViewDemoCell.m in Sources */ = {isa = PBXBuildFile; fileRef = AA14936223A9C77C004A0EF5 /* LTPagerViewDemoCell.m */; };
		AA230EC722B9CB9800866C04 /* UIView+LTExtension.m in Sources */ = {isa = PBXBuildFile; fileRef = AA230EC622B9CB9800866C04 /* UIView+LTExtension.m */; };
		AA55E0C722B8B39A00CBC1CA /* UIAlertController+Blocks.m in Sources */ = {isa = PBXBuildFile; fileRef = AA55E0C622B8B39A00CBC1CA /* UIAlertController+Blocks.m */; };
		AA55E0CA22B8C7A000CBC1CA /* DemoViewController.m in Sources */ = {isa = PBXBuildFile; fileRef = AA55E0C922B8C7A000CBC1CA /* DemoViewController.m */; };
		AA55E0CD22B8CBCF00CBC1CA /* UIViewController+LT.m in Sources */ = {isa = PBXBuildFile; fileRef = AA55E0CC22B8CBCF00CBC1CA /* UIViewController+LT.m */; };
		AA794C882333686200AB7EE6 /* UIView+LTGradient.m in Sources */ = {isa = PBXBuildFile; fileRef = AA794C872333686200AB7EE6 /* UIView+LTGradient.m */; };
		AA794C8E2333793B00AB7EE6 /* UIView+LTShadow.m in Sources */ = {isa = PBXBuildFile; fileRef = AA794C8D2333793B00AB7EE6 /* UIView+LTShadow.m */; };
		AA794C912333796700AB7EE6 /* UIView+LTTouch.m in Sources */ = {isa = PBXBuildFile; fileRef = AA794C902333796700AB7EE6 /* UIView+LTTouch.m */; };
		AAC48E6C22B78D8000B885A3 /* AppDelegate.m in Sources */ = {isa = PBXBuildFile; fileRef = AAC48E6B22B78D8000B885A3 /* AppDelegate.m */; };
		AAC48E6F22B78D8000B885A3 /* ViewController.m in Sources */ = {isa = PBXBuildFile; fileRef = AAC48E6E22B78D8000B885A3 /* ViewController.m */; };
		AAC48E7222B78D8000B885A3 /* Main.storyboard in Resources */ = {isa = PBXBuildFile; fileRef = AAC48E7022B78D8000B885A3 /* Main.storyboard */; };
		AAC48E7422B78D8200B885A3 /* Assets.xcassets in Resources */ = {isa = PBXBuildFile; fileRef = AAC48E7322B78D8200B885A3 /* Assets.xcassets */; };
		AAC48E7722B78D8200B885A3 /* LaunchScreen.storyboard in Resources */ = {isa = PBXBuildFile; fileRef = AAC48E7522B78D8200B885A3 /* LaunchScreen.storyboard */; };
		AAC48E7A22B78D8200B885A3 /* main.m in Sources */ = {isa = PBXBuildFile; fileRef = AAC48E7922B78D8200B885A3 /* main.m */; };
		AAC48E8422B78D8200B885A3 /* LTKitTests.m in Sources */ = {isa = PBXBuildFile; fileRef = AAC48E8322B78D8200B885A3 /* LTKitTests.m */; };
		AAC48E8F22B78D8200B885A3 /* LTKitUITests.m in Sources */ = {isa = PBXBuildFile; fileRef = AAC48E8E22B78D8200B885A3 /* LTKitUITests.m */; };
		AAE2F523233747A000BE535B /* LTTouchID.m in Sources */ = {isa = PBXBuildFile; fileRef = AAE2F522233747A000BE535B /* LTTouchID.m */; };
		AAE2F5262337576100BE535B /* UIView+LTFrame.m in Sources */ = {isa = PBXBuildFile; fileRef = AAE2F5252337576100BE535B /* UIView+LTFrame.m */; };
		AAE2F5292337577C00BE535B /* UIView+LTCorners.m in Sources */ = {isa = PBXBuildFile; fileRef = AAE2F5282337577C00BE535B /* UIView+LTCorners.m */; };
		AAE2F52C23375B4800BE535B /* NSObject+LTExtension.m in Sources */ = {isa = PBXBuildFile; fileRef = AAE2F52B23375B4800BE535B /* NSObject+LTExtension.m */; };
		AAE660C52387730A00F58C13 /* NSDictionary+LT.m in Sources */ = {isa = PBXBuildFile; fileRef = AAE660C42387730A00F58C13 /* NSDictionary+LT.m */; };
		AAE660D52387A94800F58C13 /* LTTextView.m in Sources */ = {isa = PBXBuildFile; fileRef = AAE660D42387A94800F58C13 /* LTTextView.m */; };
		AAE660DB2387AE4B00F58C13 /* UITextView+LT.m in Sources */ = {isa = PBXBuildFile; fileRef = AAE660DA2387AE4B00F58C13 /* UITextView+LT.m */; };
		AAE775472352FD6F00026A17 /* NSIndexPath+LTOffset.m in Sources */ = {isa = PBXBuildFile; fileRef = AAE775462352FD6F00026A17 /* NSIndexPath+LTOffset.m */; };
		AAE7754B2353040300026A17 /* NSUserDefaults+LTiCloudSync.m in Sources */ = {isa = PBXBuildFile; fileRef = AAE7754A2353040300026A17 /* NSUserDefaults+LTiCloudSync.m */; };
		AAF11DE7234C55E20095201E /* UIButton+LTCountDown.m in Sources */ = {isa = PBXBuildFile; fileRef = AAF11DE6234C55E20095201E /* UIButton+LTCountDown.m */; };
		AAF11DEA234C596B0095201E /* UIColor+LTExtension.m in Sources */ = {isa = PBXBuildFile; fileRef = AAF11DE9234C596B0095201E /* UIColor+LTExtension.m */; };
		AAF11DED234C623E0095201E /* UIImage+LTExtension.m in Sources */ = {isa = PBXBuildFile; fileRef = AAF11DEC234C623E0095201E /* UIImage+LTExtension.m */; };
		AAF11DF1234C78400095201E /* NSDate+LTExtension.m in Sources */ = {isa = PBXBuildFile; fileRef = AAF11DF0234C78400095201E /* NSDate+LTExtension.m */; };
		AAF11DF4234C78F40095201E /* NSArray+Safe.m in Sources */ = {isa = PBXBuildFile; fileRef = AAF11DF3234C78F40095201E /* NSArray+Safe.m */; };
		AAF2E75123504AF7007470ED /* NSURLSession+LTSynchronousTask.m in Sources */ = {isa = PBXBuildFile; fileRef = AAF2E75023504AF7007470ED /* NSURLSession+LTSynchronousTask.m */; };
		AAF2E755235053BA007470ED /* NSURLRequest+LTParams.m in Sources */ = {isa = PBXBuildFile; fileRef = AAF2E754235053BA007470ED /* NSURLRequest+LTParams.m */; };
		AAFC39B123D04D77002AB88C /* LTStarView.m in Sources */ = {isa = PBXBuildFile; fileRef = AAFC39B023D04D77002AB88C /* LTStarView.m */; };
		FD3B1E5BAC1B4C9D18AF5042 /* libPods-LTKitTests.a in Frameworks */ = {isa = PBXBuildFile; fileRef = CB0696967615F615F5D4F66A /* libPods-LTKitTests.a */; };
/* End PBXBuildFile section */

/* Begin PBXContainerItemProxy section */
		AAC48E8022B78D8200B885A3 /* PBXContainerItemProxy */ = {
			isa = PBXContainerItemProxy;
			containerPortal = AAC48E5F22B78D8000B885A3 /* Project object */;
			proxyType = 1;
			remoteGlobalIDString = AAC48E6622B78D8000B885A3;
			remoteInfo = LTKit;
		};
		AAC48E8B22B78D8200B885A3 /* PBXContainerItemProxy */ = {
			isa = PBXContainerItemProxy;
			containerPortal = AAC48E5F22B78D8000B885A3 /* Project object */;
			proxyType = 1;
			remoteGlobalIDString = AAC48E6622B78D8000B885A3;
			remoteInfo = LTKit;
		};
/* End PBXContainerItemProxy section */

/* Begin PBXFileReference section */
		076222FABFE95B64A9948F97 /* Pods-LTKit.debug.xcconfig */ = {isa = PBXFileReference; includeInIndex = 1; lastKnownFileType = text.xcconfig; name = "Pods-LTKit.debug.xcconfig"; path = "Pods/Target Support Files/Pods-LTKit/Pods-LTKit.debug.xcconfig"; sourceTree = "<group>"; };
		24F3AF511F583A3EFC99ECE7 /* Pods-LTKit.release.xcconfig */ = {isa = PBXFileReference; includeInIndex = 1; lastKnownFileType = text.xcconfig; name = "Pods-LTKit.release.xcconfig"; path = "Pods/Target Support Files/Pods-LTKit/Pods-LTKit.release.xcconfig"; sourceTree = "<group>"; };
		41FA70B3D89309A4FE5412F9 /* Pods-LTKitUITests.release.xcconfig */ = {isa = PBXFileReference; includeInIndex = 1; lastKnownFileType = text.xcconfig; name = "Pods-LTKitUITests.release.xcconfig"; path = "Pods/Target Support Files/Pods-LTKitUITests/Pods-LTKitUITests.release.xcconfig"; sourceTree = "<group>"; };
		7A2161A084AA2540F1B1A99F /* libPods-LTKit.a */ = {isa = PBXFileReference; explicitFileType = archive.ar; includeInIndex = 0; path = "libPods-LTKit.a"; sourceTree = BUILT_PRODUCTS_DIR; };
		7C6FA6813241788AFEE8EC66 /* Pods-LTKitUITests.debug.xcconfig */ = {isa = PBXFileReference; includeInIndex = 1; lastKnownFileType = text.xcconfig; name = "Pods-LTKitUITests.debug.xcconfig"; path = "Pods/Target Support Files/Pods-LTKitUITests/Pods-LTKitUITests.debug.xcconfig"; sourceTree = "<group>"; };
		8EF586D7F307D769E58CA115 /* Pods-LTKitTests.release.xcconfig */ = {isa = PBXFileReference; includeInIndex = 1; lastKnownFileType = text.xcconfig; name = "Pods-LTKitTests.release.xcconfig"; path = "Pods/Target Support Files/Pods-LTKitTests/Pods-LTKitTests.release.xcconfig"; sourceTree = "<group>"; };
		A988A394459BB63A72809351 /* libPods-LTKitUITests.a */ = {isa = PBXFileReference; explicitFileType = archive.ar; includeInIndex = 0; path = "libPods-LTKitUITests.a"; sourceTree = BUILT_PRODUCTS_DIR; };
		AA00662F23B19C4300349C55 /* UIView+LTAutoLayout.h */ = {isa = PBXFileReference; lastKnownFileType = sourcecode.c.h; path = "UIView+LTAutoLayout.h"; sourceTree = "<group>"; };
		AA00663023B19C4300349C55 /* UIView+LTAutoLayout.m */ = {isa = PBXFileReference; lastKnownFileType = sourcecode.c.objc; path = "UIView+LTAutoLayout.m"; sourceTree = "<group>"; };
		AA0252DA23A864860098C132 /* LTPageControl.h */ = {isa = PBXFileReference; lastKnownFileType = sourcecode.c.h; path = LTPageControl.h; sourceTree = "<group>"; };
		AA0252DB23A864860098C132 /* LTPageControl.m */ = {isa = PBXFileReference; lastKnownFileType = sourcecode.c.objc; path = LTPageControl.m; sourceTree = "<group>"; };
		AA0252DD23A864BD0098C132 /* LTCyclePagerView.h */ = {isa = PBXFileReference; lastKnownFileType = sourcecode.c.h; path = LTCyclePagerView.h; sourceTree = "<group>"; };
		AA0252DE23A864BD0098C132 /* LTCyclePagerView.m */ = {isa = PBXFileReference; lastKnownFileType = sourcecode.c.objc; path = LTCyclePagerView.m; sourceTree = "<group>"; };
		AA0252E023A865640098C132 /* LTCyclePagerTransformLayout.h */ = {isa = PBXFileReference; lastKnownFileType = sourcecode.c.h; path = LTCyclePagerTransformLayout.h; sourceTree = "<group>"; };
		AA0252E123A865640098C132 /* LTCyclePagerTransformLayout.m */ = {isa = PBXFileReference; lastKnownFileType = sourcecode.c.objc; path = LTCyclePagerTransformLayout.m; sourceTree = "<group>"; };
		AA0252E323A87A8F0098C132 /* LTHeader.h */ = {isa = PBXFileReference; lastKnownFileType = sourcecode.c.h; path = LTHeader.h; sourceTree = "<group>"; };
		AA04444623345DB400FD2F07 /* NSString+LTExtension.h */ = {isa = PBXFileReference; lastKnownFileType = sourcecode.c.h; path = "NSString+LTExtension.h"; sourceTree = "<group>"; };
		AA04444723345DB400FD2F07 /* NSString+LTExtension.m */ = {isa = PBXFileReference; lastKnownFileType = sourcecode.c.objc; path = "NSString+LTExtension.m"; sourceTree = "<group>"; };
		AA04444923345F0C00FD2F07 /* NSData+LTEncrypt.h */ = {isa = PBXFileReference; lastKnownFileType = sourcecode.c.h; path = "NSData+LTEncrypt.h"; sourceTree = "<group>"; };
		AA04444A23345F0C00FD2F07 /* NSData+LTEncrypt.m */ = {isa = PBXFileReference; lastKnownFileType = sourcecode.c.objc; path = "NSData+LTEncrypt.m"; sourceTree = "<group>"; };
		AA04444C2334664200FD2F07 /* NSString+LTRegex.h */ = {isa = PBXFileReference; lastKnownFileType = sourcecode.c.h; path = "NSString+LTRegex.h"; sourceTree = "<group>"; };
		AA04444D2334664200FD2F07 /* NSString+LTRegex.m */ = {isa = PBXFileReference; lastKnownFileType = sourcecode.c.objc; path = "NSString+LTRegex.m"; sourceTree = "<group>"; };
		AA0444532334679300FD2F07 /* NSString+LTEncrypt.h */ = {isa = PBXFileReference; lastKnownFileType = sourcecode.c.h; path = "NSString+LTEncrypt.h"; sourceTree = "<group>"; };
		AA0444542334679300FD2F07 /* NSString+LTEncrypt.m */ = {isa = PBXFileReference; lastKnownFileType = sourcecode.c.objc; path = "NSString+LTEncrypt.m"; sourceTree = "<group>"; };
		AA0487E4234F051600A7A87D /* LTAdPageView.h */ = {isa = PBXFileReference; lastKnownFileType = sourcecode.c.h; path = LTAdPageView.h; sourceTree = "<group>"; };
		AA0487E5234F051600A7A87D /* LTAdPageView.m */ = {isa = PBXFileReference; lastKnownFileType = sourcecode.c.objc; path = LTAdPageView.m; sourceTree = "<group>"; };
		AA084499234DD3F800CDAC5D /* LTFPSLabel.h */ = {isa = PBXFileReference; lastKnownFileType = sourcecode.c.h; path = LTFPSLabel.h; sourceTree = "<group>"; };
		AA08449A234DD3F800CDAC5D /* LTFPSLabel.m */ = {isa = PBXFileReference; lastKnownFileType = sourcecode.c.objc; path = LTFPSLabel.m; sourceTree = "<group>"; };
		AA0A9BFC23385CBE008D0B08 /* UIApplication+LTExtension.h */ = {isa = PBXFileReference; lastKnownFileType = sourcecode.c.h; path = "UIApplication+LTExtension.h"; sourceTree = "<group>"; };
		AA0A9BFD23385CBE008D0B08 /* UIApplication+LTExtension.m */ = {isa = PBXFileReference; lastKnownFileType = sourcecode.c.objc; path = "UIApplication+LTExtension.m"; sourceTree = "<group>"; };
		AA0A9BFF2338A39E008D0B08 /* UIButton+LTBadge.h */ = {isa = PBXFileReference; lastKnownFileType = sourcecode.c.h; path = "UIButton+LTBadge.h"; sourceTree = "<group>"; };
		AA0A9C002338A39E008D0B08 /* UIButton+LTBadge.m */ = {isa = PBXFileReference; lastKnownFileType = sourcecode.c.objc; path = "UIButton+LTBadge.m"; sourceTree = "<group>"; };
		AA0A9C022338A3D1008D0B08 /* UIButton+LTExtension.h */ = {isa = PBXFileReference; lastKnownFileType = sourcecode.c.h; path = "UIButton+LTExtension.h"; sourceTree = "<group>"; };
		AA0A9C032338A3D1008D0B08 /* UIButton+LTExtension.m */ = {isa = PBXFileReference; lastKnownFileType = sourcecode.c.objc; path = "UIButton+LTExtension.m"; sourceTree = "<group>"; };
		AA14936123A9C77C004A0EF5 /* LTPagerViewDemoCell.h */ = {isa = PBXFileReference; lastKnownFileType = sourcecode.c.h; path = LTPagerViewDemoCell.h; sourceTree = "<group>"; };
		AA14936223A9C77C004A0EF5 /* LTPagerViewDemoCell.m */ = {isa = PBXFileReference; lastKnownFileType = sourcecode.c.objc; path = LTPagerViewDemoCell.m; sourceTree = "<group>"; };
		AA230EC522B9CB9800866C04 /* UIView+LTExtension.h */ = {isa = PBXFileReference; lastKnownFileType = sourcecode.c.h; path = "UIView+LTExtension.h"; sourceTree = "<group>"; };
		AA230EC622B9CB9800866C04 /* UIView+LTExtension.m */ = {isa = PBXFileReference; lastKnownFileType = sourcecode.c.objc; path = "UIView+LTExtension.m"; sourceTree = "<group>"; };
		AA55E0C522B8B39A00CBC1CA /* UIAlertController+Blocks.h */ = {isa = PBXFileReference; lastKnownFileType = sourcecode.c.h; path = "UIAlertController+Blocks.h"; sourceTree = "<group>"; };
		AA55E0C622B8B39A00CBC1CA /* UIAlertController+Blocks.m */ = {isa = PBXFileReference; lastKnownFileType = sourcecode.c.objc; path = "UIAlertController+Blocks.m"; sourceTree = "<group>"; };
		AA55E0C822B8C7A000CBC1CA /* DemoViewController.h */ = {isa = PBXFileReference; lastKnownFileType = sourcecode.c.h; path = DemoViewController.h; sourceTree = "<group>"; };
		AA55E0C922B8C7A000CBC1CA /* DemoViewController.m */ = {isa = PBXFileReference; lastKnownFileType = sourcecode.c.objc; path = DemoViewController.m; sourceTree = "<group>"; };
		AA55E0CB22B8CBCF00CBC1CA /* UIViewController+LT.h */ = {isa = PBXFileReference; lastKnownFileType = sourcecode.c.h; path = "UIViewController+LT.h"; sourceTree = "<group>"; };
		AA55E0CC22B8CBCF00CBC1CA /* UIViewController+LT.m */ = {isa = PBXFileReference; lastKnownFileType = sourcecode.c.objc; path = "UIViewController+LT.m"; sourceTree = "<group>"; };
		AA794C862333686200AB7EE6 /* UIView+LTGradient.h */ = {isa = PBXFileReference; lastKnownFileType = sourcecode.c.h; path = "UIView+LTGradient.h"; sourceTree = "<group>"; };
		AA794C872333686200AB7EE6 /* UIView+LTGradient.m */ = {isa = PBXFileReference; lastKnownFileType = sourcecode.c.objc; path = "UIView+LTGradient.m"; sourceTree = "<group>"; };
		AA794C8C2333793B00AB7EE6 /* UIView+LTShadow.h */ = {isa = PBXFileReference; lastKnownFileType = sourcecode.c.h; path = "UIView+LTShadow.h"; sourceTree = "<group>"; };
		AA794C8D2333793B00AB7EE6 /* UIView+LTShadow.m */ = {isa = PBXFileReference; lastKnownFileType = sourcecode.c.objc; path = "UIView+LTShadow.m"; sourceTree = "<group>"; };
		AA794C8F2333796700AB7EE6 /* UIView+LTTouch.h */ = {isa = PBXFileReference; lastKnownFileType = sourcecode.c.h; path = "UIView+LTTouch.h"; sourceTree = "<group>"; };
		AA794C902333796700AB7EE6 /* UIView+LTTouch.m */ = {isa = PBXFileReference; lastKnownFileType = sourcecode.c.objc; path = "UIView+LTTouch.m"; sourceTree = "<group>"; };
		AAC48E6722B78D8000B885A3 /* LTKit.app */ = {isa = PBXFileReference; explicitFileType = wrapper.application; includeInIndex = 0; path = LTKit.app; sourceTree = BUILT_PRODUCTS_DIR; };
		AAC48E6A22B78D8000B885A3 /* AppDelegate.h */ = {isa = PBXFileReference; lastKnownFileType = sourcecode.c.h; path = AppDelegate.h; sourceTree = "<group>"; };
		AAC48E6B22B78D8000B885A3 /* AppDelegate.m */ = {isa = PBXFileReference; lastKnownFileType = sourcecode.c.objc; path = AppDelegate.m; sourceTree = "<group>"; };
		AAC48E6D22B78D8000B885A3 /* ViewController.h */ = {isa = PBXFileReference; lastKnownFileType = sourcecode.c.h; path = ViewController.h; sourceTree = "<group>"; };
		AAC48E6E22B78D8000B885A3 /* ViewController.m */ = {isa = PBXFileReference; lastKnownFileType = sourcecode.c.objc; path = ViewController.m; sourceTree = "<group>"; };
		AAC48E7122B78D8000B885A3 /* Base */ = {isa = PBXFileReference; lastKnownFileType = file.storyboard; name = Base; path = Base.lproj/Main.storyboard; sourceTree = "<group>"; };
		AAC48E7322B78D8200B885A3 /* Assets.xcassets */ = {isa = PBXFileReference; lastKnownFileType = folder.assetcatalog; path = Assets.xcassets; sourceTree = "<group>"; };
		AAC48E7622B78D8200B885A3 /* Base */ = {isa = PBXFileReference; lastKnownFileType = file.storyboard; name = Base; path = Base.lproj/LaunchScreen.storyboard; sourceTree = "<group>"; };
		AAC48E7822B78D8200B885A3 /* Info.plist */ = {isa = PBXFileReference; lastKnownFileType = text.plist.xml; path = Info.plist; sourceTree = "<group>"; };
		AAC48E7922B78D8200B885A3 /* main.m */ = {isa = PBXFileReference; lastKnownFileType = sourcecode.c.objc; path = main.m; sourceTree = "<group>"; };
		AAC48E7F22B78D8200B885A3 /* LTKitTests.xctest */ = {isa = PBXFileReference; explicitFileType = wrapper.cfbundle; includeInIndex = 0; path = LTKitTests.xctest; sourceTree = BUILT_PRODUCTS_DIR; };
		AAC48E8322B78D8200B885A3 /* LTKitTests.m */ = {isa = PBXFileReference; lastKnownFileType = sourcecode.c.objc; path = LTKitTests.m; sourceTree = "<group>"; };
		AAC48E8522B78D8200B885A3 /* Info.plist */ = {isa = PBXFileReference; lastKnownFileType = text.plist.xml; path = Info.plist; sourceTree = "<group>"; };
		AAC48E8A22B78D8200B885A3 /* LTKitUITests.xctest */ = {isa = PBXFileReference; explicitFileType = wrapper.cfbundle; includeInIndex = 0; path = LTKitUITests.xctest; sourceTree = BUILT_PRODUCTS_DIR; };
		AAC48E8E22B78D8200B885A3 /* LTKitUITests.m */ = {isa = PBXFileReference; lastKnownFileType = sourcecode.c.objc; path = LTKitUITests.m; sourceTree = "<group>"; };
		AAC48E9022B78D8200B885A3 /* Info.plist */ = {isa = PBXFileReference; lastKnownFileType = text.plist.xml; path = Info.plist; sourceTree = "<group>"; };
		AAC48E9D22B7915F00B885A3 /* LTDefines.h */ = {isa = PBXFileReference; lastKnownFileType = sourcecode.c.h; path = LTDefines.h; sourceTree = "<group>"; };
		AAE2F521233747A000BE535B /* LTTouchID.h */ = {isa = PBXFileReference; lastKnownFileType = sourcecode.c.h; path = LTTouchID.h; sourceTree = "<group>"; };
		AAE2F522233747A000BE535B /* LTTouchID.m */ = {isa = PBXFileReference; lastKnownFileType = sourcecode.c.objc; path = LTTouchID.m; sourceTree = "<group>"; };
		AAE2F5242337576100BE535B /* UIView+LTFrame.h */ = {isa = PBXFileReference; lastKnownFileType = sourcecode.c.h; path = "UIView+LTFrame.h"; sourceTree = "<group>"; };
		AAE2F5252337576100BE535B /* UIView+LTFrame.m */ = {isa = PBXFileReference; lastKnownFileType = sourcecode.c.objc; path = "UIView+LTFrame.m"; sourceTree = "<group>"; };
		AAE2F5272337577C00BE535B /* UIView+LTCorners.h */ = {isa = PBXFileReference; lastKnownFileType = sourcecode.c.h; path = "UIView+LTCorners.h"; sourceTree = "<group>"; };
		AAE2F5282337577C00BE535B /* UIView+LTCorners.m */ = {isa = PBXFileReference; lastKnownFileType = sourcecode.c.objc; path = "UIView+LTCorners.m"; sourceTree = "<group>"; };
		AAE2F52A23375B4800BE535B /* NSObject+LTExtension.h */ = {isa = PBXFileReference; lastKnownFileType = sourcecode.c.h; path = "NSObject+LTExtension.h"; sourceTree = "<group>"; };
		AAE2F52B23375B4800BE535B /* NSObject+LTExtension.m */ = {isa = PBXFileReference; lastKnownFileType = sourcecode.c.objc; path = "NSObject+LTExtension.m"; sourceTree = "<group>"; };
		AAE660C32387730A00F58C13 /* NSDictionary+LT.h */ = {isa = PBXFileReference; lastKnownFileType = sourcecode.c.h; path = "NSDictionary+LT.h"; sourceTree = "<group>"; };
		AAE660C42387730A00F58C13 /* NSDictionary+LT.m */ = {isa = PBXFileReference; lastKnownFileType = sourcecode.c.objc; path = "NSDictionary+LT.m"; sourceTree = "<group>"; };
		AAE660D32387A94800F58C13 /* LTTextView.h */ = {isa = PBXFileReference; lastKnownFileType = sourcecode.c.h; path = LTTextView.h; sourceTree = "<group>"; };
		AAE660D42387A94800F58C13 /* LTTextView.m */ = {isa = PBXFileReference; lastKnownFileType = sourcecode.c.objc; path = LTTextView.m; sourceTree = "<group>"; };
		AAE660D92387AE4B00F58C13 /* UITextView+LT.h */ = {isa = PBXFileReference; lastKnownFileType = sourcecode.c.h; path = "UITextView+LT.h"; sourceTree = "<group>"; };
		AAE660DA2387AE4B00F58C13 /* UITextView+LT.m */ = {isa = PBXFileReference; lastKnownFileType = sourcecode.c.objc; path = "UITextView+LT.m"; sourceTree = "<group>"; };
		AAE775452352FD6F00026A17 /* NSIndexPath+LTOffset.h */ = {isa = PBXFileReference; lastKnownFileType = sourcecode.c.h; path = "NSIndexPath+LTOffset.h"; sourceTree = "<group>"; };
		AAE775462352FD6F00026A17 /* NSIndexPath+LTOffset.m */ = {isa = PBXFileReference; lastKnownFileType = sourcecode.c.objc; path = "NSIndexPath+LTOffset.m"; sourceTree = "<group>"; };
		AAE775492353040300026A17 /* NSUserDefaults+LTiCloudSync.h */ = {isa = PBXFileReference; lastKnownFileType = sourcecode.c.h; path = "NSUserDefaults+LTiCloudSync.h"; sourceTree = "<group>"; };
		AAE7754A2353040300026A17 /* NSUserDefaults+LTiCloudSync.m */ = {isa = PBXFileReference; lastKnownFileType = sourcecode.c.objc; path = "NSUserDefaults+LTiCloudSync.m"; sourceTree = "<group>"; };
		AAF11DE5234C55E20095201E /* UIButton+LTCountDown.h */ = {isa = PBXFileReference; lastKnownFileType = sourcecode.c.h; path = "UIButton+LTCountDown.h"; sourceTree = "<group>"; };
		AAF11DE6234C55E20095201E /* UIButton+LTCountDown.m */ = {isa = PBXFileReference; lastKnownFileType = sourcecode.c.objc; path = "UIButton+LTCountDown.m"; sourceTree = "<group>"; };
		AAF11DE8234C596B0095201E /* UIColor+LTExtension.h */ = {isa = PBXFileReference; lastKnownFileType = sourcecode.c.h; path = "UIColor+LTExtension.h"; sourceTree = "<group>"; };
		AAF11DE9234C596B0095201E /* UIColor+LTExtension.m */ = {isa = PBXFileReference; lastKnownFileType = sourcecode.c.objc; path = "UIColor+LTExtension.m"; sourceTree = "<group>"; };
		AAF11DEB234C623E0095201E /* UIImage+LTExtension.h */ = {isa = PBXFileReference; lastKnownFileType = sourcecode.c.h; path = "UIImage+LTExtension.h"; sourceTree = "<group>"; };
		AAF11DEC234C623E0095201E /* UIImage+LTExtension.m */ = {isa = PBXFileReference; lastKnownFileType = sourcecode.c.objc; path = "UIImage+LTExtension.m"; sourceTree = "<group>"; };
		AAF11DEE234C75BD0095201E /* LTCategoriesHeader.h */ = {isa = PBXFileReference; lastKnownFileType = sourcecode.c.h; path = LTCategoriesHeader.h; sourceTree = "<group>"; };
		AAF11DEF234C78400095201E /* NSDate+LTExtension.h */ = {isa = PBXFileReference; lastKnownFileType = sourcecode.c.h; path = "NSDate+LTExtension.h"; sourceTree = "<group>"; };
		AAF11DF0234C78400095201E /* NSDate+LTExtension.m */ = {isa = PBXFileReference; lastKnownFileType = sourcecode.c.objc; path = "NSDate+LTExtension.m"; sourceTree = "<group>"; };
		AAF11DF2234C78F40095201E /* NSArray+Safe.h */ = {isa = PBXFileReference; lastKnownFileType = sourcecode.c.h; path = "NSArray+Safe.h"; sourceTree = "<group>"; };
		AAF11DF3234C78F40095201E /* NSArray+Safe.m */ = {isa = PBXFileReference; lastKnownFileType = sourcecode.c.objc; path = "NSArray+Safe.m"; sourceTree = "<group>"; };
		AAF15F06238CF89C0042A768 /* LTPrefixHeader.pch */ = {isa = PBXFileReference; lastKnownFileType = sourcecode.c.h; path = LTPrefixHeader.pch; sourceTree = "<group>"; };
		AAF2E74F23504AF7007470ED /* NSURLSession+LTSynchronousTask.h */ = {isa = PBXFileReference; lastKnownFileType = sourcecode.c.h; path = "NSURLSession+LTSynchronousTask.h"; sourceTree = "<group>"; };
		AAF2E75023504AF7007470ED /* NSURLSession+LTSynchronousTask.m */ = {isa = PBXFileReference; lastKnownFileType = sourcecode.c.objc; path = "NSURLSession+LTSynchronousTask.m"; sourceTree = "<group>"; };
		AAF2E753235053BA007470ED /* NSURLRequest+LTParams.h */ = {isa = PBXFileReference; lastKnownFileType = sourcecode.c.h; path = "NSURLRequest+LTParams.h"; sourceTree = "<group>"; };
		AAF2E754235053BA007470ED /* NSURLRequest+LTParams.m */ = {isa = PBXFileReference; lastKnownFileType = sourcecode.c.objc; path = "NSURLRequest+LTParams.m"; sourceTree = "<group>"; };
		AAFC39AF23D04D77002AB88C /* LTStarView.h */ = {isa = PBXFileReference; lastKnownFileType = sourcecode.c.h; path = LTStarView.h; sourceTree = "<group>"; };
		AAFC39B023D04D77002AB88C /* LTStarView.m */ = {isa = PBXFileReference; lastKnownFileType = sourcecode.c.objc; path = LTStarView.m; sourceTree = "<group>"; };
		BB88A2F166ECA98D44F90D14 /* Pods-LTKitTests.debug.xcconfig */ = {isa = PBXFileReference; includeInIndex = 1; lastKnownFileType = text.xcconfig; name = "Pods-LTKitTests.debug.xcconfig"; path = "Pods/Target Support Files/Pods-LTKitTests/Pods-LTKitTests.debug.xcconfig"; sourceTree = "<group>"; };
		CB0696967615F615F5D4F66A /* libPods-LTKitTests.a */ = {isa = PBXFileReference; explicitFileType = archive.ar; includeInIndex = 0; path = "libPods-LTKitTests.a"; sourceTree = BUILT_PRODUCTS_DIR; };
/* End PBXFileReference section */

/* Begin PBXFrameworksBuildPhase section */
		AAC48E6422B78D8000B885A3 /* Frameworks */ = {
			isa = PBXFrameworksBuildPhase;
			buildActionMask = 2147483647;
			files = (
				10715E5EBEC92230B874EF35 /* libPods-LTKit.a in Frameworks */,
			);
			runOnlyForDeploymentPostprocessing = 0;
		};
		AAC48E7C22B78D8200B885A3 /* Frameworks */ = {
			isa = PBXFrameworksBuildPhase;
			buildActionMask = 2147483647;
			files = (
				FD3B1E5BAC1B4C9D18AF5042 /* libPods-LTKitTests.a in Frameworks */,
			);
			runOnlyForDeploymentPostprocessing = 0;
		};
		AAC48E8722B78D8200B885A3 /* Frameworks */ = {
			isa = PBXFrameworksBuildPhase;
			buildActionMask = 2147483647;
			files = (
				687943820E67AABEFE59F59E /* libPods-LTKitUITests.a in Frameworks */,
			);
			runOnlyForDeploymentPostprocessing = 0;
		};
/* End PBXFrameworksBuildPhase section */

/* Begin PBXGroup section */
		A13860B4AD069D1CB662E4F4 /* Frameworks */ = {
			isa = PBXGroup;
			children = (
				7A2161A084AA2540F1B1A99F /* libPods-LTKit.a */,
				CB0696967615F615F5D4F66A /* libPods-LTKitTests.a */,
				A988A394459BB63A72809351 /* libPods-LTKitUITests.a */,
			);
			name = Frameworks;
			sourceTree = "<group>";
		};
		AA0252D923A863FD0098C132 /* LTCyclePagerView */ = {
			isa = PBXGroup;
			children = (
				AA0252DA23A864860098C132 /* LTPageControl.h */,
				AA0252DB23A864860098C132 /* LTPageControl.m */,
				AA0252DD23A864BD0098C132 /* LTCyclePagerView.h */,
				AA0252DE23A864BD0098C132 /* LTCyclePagerView.m */,
				AA0252E023A865640098C132 /* LTCyclePagerTransformLayout.h */,
				AA0252E123A865640098C132 /* LTCyclePagerTransformLayout.m */,
			);
			path = LTCyclePagerView;
			sourceTree = "<group>";
		};
		AA04444F2334666400FD2F07 /* Foundation */ = {
			isa = PBXGroup;
			children = (
				AAE660CA23877B7200F58C13 /* NSDta */,
				AAE660C923877B5C00F58C13 /* NSDate */,
				AAE660C823877B5000F58C13 /* NSObject */,
				AAE660C723877B4200F58C13 /* NSString */,
				AAF2E74E235047BF007470ED /* NSURLSession */,
				AAF2E75223505391007470ED /* NSURLRequest */,
				AAE775442352FD4F00026A17 /* NSIndexPath */,
				AAE77548235303C800026A17 /* NSUserDefaults */,
				AAE660C2238772D900F58C13 /* NSDictionary */,
				AAE660C623877B3000F58C13 /* NSArray */,
			);
			path = Foundation;
			sourceTree = "<group>";
		};
		AA55E0C422B8B34D00CBC1CA /* UIKit */ = {
			isa = PBXGroup;
			children = (
				AAE660D22387A91900F58C13 /* UITextView */,
				AAE660D12387A90400F58C13 /* UIAlertController */,
				AAE660D02387A8F900F58C13 /* UIColor */,
				AAE660CF2387A8F000F58C13 /* UIImage */,
				AAE660CE2387A8E500F58C13 /* UIApplication */,
				AAE660CD2387A8D500F58C13 /* UIViewController */,
				AAE660CC2387A8C200F58C13 /* UIView */,
				AAE660CB2387A8A900F58C13 /* UIButton */,
			);
			path = UIKit;
			sourceTree = "<group>";
		};
		AAC48E5E22B78D8000B885A3 = {
			isa = PBXGroup;
			children = (
				AAC48E6922B78D8000B885A3 /* LTKit */,
				AAC48E8222B78D8200B885A3 /* LTKitTests */,
				AAC48E8D22B78D8200B885A3 /* LTKitUITests */,
				AAC48E6822B78D8000B885A3 /* Products */,
				D806710BCB015E3DB6200A37 /* Pods */,
				A13860B4AD069D1CB662E4F4 /* Frameworks */,
			);
			sourceTree = "<group>";
		};
		AAC48E6822B78D8000B885A3 /* Products */ = {
			isa = PBXGroup;
			children = (
				AAC48E6722B78D8000B885A3 /* LTKit.app */,
				AAC48E7F22B78D8200B885A3 /* LTKitTests.xctest */,
				AAC48E8A22B78D8200B885A3 /* LTKitUITests.xctest */,
			);
			name = Products;
			sourceTree = "<group>";
		};
		AAC48E6922B78D8000B885A3 /* LTKit */ = {
			isa = PBXGroup;
			children = (
				AAFC39AE23D04D51002AB88C /* LTStarView */,
				AA0252D923A863FD0098C132 /* LTCyclePagerView */,
				AAE8F8B123A6207900D34BB3 /* Category */,
				AAE2F5202337477C00BE535B /* Utils */,
				AAC48E9C22B7911F00B885A3 /* LTDefines */,
				AAC48E6A22B78D8000B885A3 /* AppDelegate.h */,
				AAC48E6B22B78D8000B885A3 /* AppDelegate.m */,
				AAC48E6D22B78D8000B885A3 /* ViewController.h */,
				AAC48E6E22B78D8000B885A3 /* ViewController.m */,
				AA14936123A9C77C004A0EF5 /* LTPagerViewDemoCell.h */,
				AA14936223A9C77C004A0EF5 /* LTPagerViewDemoCell.m */,
				AA55E0C822B8C7A000CBC1CA /* DemoViewController.h */,
				AA55E0C922B8C7A000CBC1CA /* DemoViewController.m */,
				AAC48E7022B78D8000B885A3 /* Main.storyboard */,
				AAC48E7322B78D8200B885A3 /* Assets.xcassets */,
				AAC48E7522B78D8200B885A3 /* LaunchScreen.storyboard */,
				AAC48E7822B78D8200B885A3 /* Info.plist */,
				AAC48E7922B78D8200B885A3 /* main.m */,
				AAF15F06238CF89C0042A768 /* LTPrefixHeader.pch */,
			);
			path = LTKit;
			sourceTree = "<group>";
		};
		AAC48E8222B78D8200B885A3 /* LTKitTests */ = {
			isa = PBXGroup;
			children = (
				AAC48E8322B78D8200B885A3 /* LTKitTests.m */,
				AAC48E8522B78D8200B885A3 /* Info.plist */,
			);
			path = LTKitTests;
			sourceTree = "<group>";
		};
		AAC48E8D22B78D8200B885A3 /* LTKitUITests */ = {
			isa = PBXGroup;
			children = (
				AAC48E8E22B78D8200B885A3 /* LTKitUITests.m */,
				AAC48E9022B78D8200B885A3 /* Info.plist */,
			);
			path = LTKitUITests;
			sourceTree = "<group>";
		};
		AAC48E9C22B7911F00B885A3 /* LTDefines */ = {
			isa = PBXGroup;
			children = (
				AAC48E9D22B7915F00B885A3 /* LTDefines.h */,
				AAF11DEE234C75BD0095201E /* LTCategoriesHeader.h */,
				AA0252E323A87A8F0098C132 /* LTHeader.h */,
			);
			path = LTDefines;
			sourceTree = "<group>";
		};
		AAE2F5202337477C00BE535B /* Utils */ = {
			isa = PBXGroup;
			children = (
				AAE2F521233747A000BE535B /* LTTouchID.h */,
				AAE2F522233747A000BE535B /* LTTouchID.m */,
				AA084499234DD3F800CDAC5D /* LTFPSLabel.h */,
				AA08449A234DD3F800CDAC5D /* LTFPSLabel.m */,
				AA0487E4234F051600A7A87D /* LTAdPageView.h */,
				AA0487E5234F051600A7A87D /* LTAdPageView.m */,
			);
			path = Utils;
			sourceTree = "<group>";
		};
		AAE660C2238772D900F58C13 /* NSDictionary */ = {
			isa = PBXGroup;
			children = (
				AAE660C32387730A00F58C13 /* NSDictionary+LT.h */,
				AAE660C42387730A00F58C13 /* NSDictionary+LT.m */,
			);
			path = NSDictionary;
			sourceTree = "<group>";
		};
		AAE660C623877B3000F58C13 /* NSArray */ = {
			isa = PBXGroup;
			children = (
				AAF11DF2234C78F40095201E /* NSArray+Safe.h */,
				AAF11DF3234C78F40095201E /* NSArray+Safe.m */,
			);
			path = NSArray;
			sourceTree = "<group>";
		};
		AAE660C723877B4200F58C13 /* NSString */ = {
			isa = PBXGroup;
			children = (
				AA04444623345DB400FD2F07 /* NSString+LTExtension.h */,
				AA04444723345DB400FD2F07 /* NSString+LTExtension.m */,
				AA04444C2334664200FD2F07 /* NSString+LTRegex.h */,
				AA04444D2334664200FD2F07 /* NSString+LTRegex.m */,
				AA0444532334679300FD2F07 /* NSString+LTEncrypt.h */,
				AA0444542334679300FD2F07 /* NSString+LTEncrypt.m */,
			);
			path = NSString;
			sourceTree = "<group>";
		};
		AAE660C823877B5000F58C13 /* NSObject */ = {
			isa = PBXGroup;
			children = (
				AAE2F52A23375B4800BE535B /* NSObject+LTExtension.h */,
				AAE2F52B23375B4800BE535B /* NSObject+LTExtension.m */,
			);
			path = NSObject;
			sourceTree = "<group>";
		};
		AAE660C923877B5C00F58C13 /* NSDate */ = {
			isa = PBXGroup;
			children = (
				AAF11DEF234C78400095201E /* NSDate+LTExtension.h */,
				AAF11DF0234C78400095201E /* NSDate+LTExtension.m */,
			);
			path = NSDate;
			sourceTree = "<group>";
		};
		AAE660CA23877B7200F58C13 /* NSDta */ = {
			isa = PBXGroup;
			children = (
				AA04444923345F0C00FD2F07 /* NSData+LTEncrypt.h */,
				AA04444A23345F0C00FD2F07 /* NSData+LTEncrypt.m */,
			);
			path = NSDta;
			sourceTree = "<group>";
		};
		AAE660CB2387A8A900F58C13 /* UIButton */ = {
			isa = PBXGroup;
			children = (
				AA0A9BFF2338A39E008D0B08 /* UIButton+LTBadge.h */,
				AA0A9C002338A39E008D0B08 /* UIButton+LTBadge.m */,
				AA0A9C022338A3D1008D0B08 /* UIButton+LTExtension.h */,
				AA0A9C032338A3D1008D0B08 /* UIButton+LTExtension.m */,
				AAF11DE5234C55E20095201E /* UIButton+LTCountDown.h */,
				AAF11DE6234C55E20095201E /* UIButton+LTCountDown.m */,
			);
			path = UIButton;
			sourceTree = "<group>";
		};
		AAE660CC2387A8C200F58C13 /* UIView */ = {
			isa = PBXGroup;
			children = (
				AA00662F23B19C4300349C55 /* UIView+LTAutoLayout.h */,
				AA00663023B19C4300349C55 /* UIView+LTAutoLayout.m */,
				AA230EC522B9CB9800866C04 /* UIView+LTExtension.h */,
				AA230EC622B9CB9800866C04 /* UIView+LTExtension.m */,
				AA794C862333686200AB7EE6 /* UIView+LTGradient.h */,
				AA794C872333686200AB7EE6 /* UIView+LTGradient.m */,
				AA794C8C2333793B00AB7EE6 /* UIView+LTShadow.h */,
				AA794C8D2333793B00AB7EE6 /* UIView+LTShadow.m */,
				AA794C8F2333796700AB7EE6 /* UIView+LTTouch.h */,
				AA794C902333796700AB7EE6 /* UIView+LTTouch.m */,
				AAE2F5242337576100BE535B /* UIView+LTFrame.h */,
				AAE2F5252337576100BE535B /* UIView+LTFrame.m */,
				AAE2F5272337577C00BE535B /* UIView+LTCorners.h */,
				AAE2F5282337577C00BE535B /* UIView+LTCorners.m */,
			);
			path = UIView;
			sourceTree = "<group>";
		};
		AAE660CD2387A8D500F58C13 /* UIViewController */ = {
			isa = PBXGroup;
			children = (
				AA55E0CB22B8CBCF00CBC1CA /* UIViewController+LT.h */,
				AA55E0CC22B8CBCF00CBC1CA /* UIViewController+LT.m */,
			);
			path = UIViewController;
			sourceTree = "<group>";
		};
		AAE660CE2387A8E500F58C13 /* UIApplication */ = {
			isa = PBXGroup;
			children = (
				AA0A9BFC23385CBE008D0B08 /* UIApplication+LTExtension.h */,
				AA0A9BFD23385CBE008D0B08 /* UIApplication+LTExtension.m */,
			);
			path = UIApplication;
			sourceTree = "<group>";
		};
		AAE660CF2387A8F000F58C13 /* UIImage */ = {
			isa = PBXGroup;
			children = (
				AAF11DEB234C623E0095201E /* UIImage+LTExtension.h */,
				AAF11DEC234C623E0095201E /* UIImage+LTExtension.m */,
			);
			path = UIImage;
			sourceTree = "<group>";
		};
		AAE660D02387A8F900F58C13 /* UIColor */ = {
			isa = PBXGroup;
			children = (
				AAF11DE8234C596B0095201E /* UIColor+LTExtension.h */,
				AAF11DE9234C596B0095201E /* UIColor+LTExtension.m */,
			);
			path = UIColor;
			sourceTree = "<group>";
		};
		AAE660D12387A90400F58C13 /* UIAlertController */ = {
			isa = PBXGroup;
			children = (
				AA55E0C522B8B39A00CBC1CA /* UIAlertController+Blocks.h */,
				AA55E0C622B8B39A00CBC1CA /* UIAlertController+Blocks.m */,
			);
			path = UIAlertController;
			sourceTree = "<group>";
		};
		AAE660D22387A91900F58C13 /* UITextView */ = {
			isa = PBXGroup;
			children = (
				AAE660D32387A94800F58C13 /* LTTextView.h */,
				AAE660D42387A94800F58C13 /* LTTextView.m */,
				AAE660D92387AE4B00F58C13 /* UITextView+LT.h */,
				AAE660DA2387AE4B00F58C13 /* UITextView+LT.m */,
			);
			path = UITextView;
			sourceTree = "<group>";
		};
		AAE775442352FD4F00026A17 /* NSIndexPath */ = {
			isa = PBXGroup;
			children = (
				AAE775452352FD6F00026A17 /* NSIndexPath+LTOffset.h */,
				AAE775462352FD6F00026A17 /* NSIndexPath+LTOffset.m */,
			);
			path = NSIndexPath;
			sourceTree = "<group>";
		};
		AAE77548235303C800026A17 /* NSUserDefaults */ = {
			isa = PBXGroup;
			children = (
				AAE775492353040300026A17 /* NSUserDefaults+LTiCloudSync.h */,
				AAE7754A2353040300026A17 /* NSUserDefaults+LTiCloudSync.m */,
			);
			path = NSUserDefaults;
			sourceTree = "<group>";
		};
		AAE8F8B123A6207900D34BB3 /* Category */ = {
			isa = PBXGroup;
			children = (
				AA04444F2334666400FD2F07 /* Foundation */,
				AA55E0C422B8B34D00CBC1CA /* UIKit */,
			);
			path = Category;
			sourceTree = "<group>";
		};
		AAF2E74E235047BF007470ED /* NSURLSession */ = {
			isa = PBXGroup;
			children = (
				AAF2E74F23504AF7007470ED /* NSURLSession+LTSynchronousTask.h */,
				AAF2E75023504AF7007470ED /* NSURLSession+LTSynchronousTask.m */,
			);
			path = NSURLSession;
			sourceTree = "<group>";
		};
		AAF2E75223505391007470ED /* NSURLRequest */ = {
			isa = PBXGroup;
			children = (
				AAF2E753235053BA007470ED /* NSURLRequest+LTParams.h */,
				AAF2E754235053BA007470ED /* NSURLRequest+LTParams.m */,
			);
			path = NSURLRequest;
			sourceTree = "<group>";
		};
		AAFC39AE23D04D51002AB88C /* LTStarView */ = {
			isa = PBXGroup;
			children = (
				AAFC39AF23D04D77002AB88C /* LTStarView.h */,
				AAFC39B023D04D77002AB88C /* LTStarView.m */,
			);
			path = LTStarView;
			sourceTree = "<group>";
		};
		D806710BCB015E3DB6200A37 /* Pods */ = {
			isa = PBXGroup;
			children = (
				076222FABFE95B64A9948F97 /* Pods-LTKit.debug.xcconfig */,
				24F3AF511F583A3EFC99ECE7 /* Pods-LTKit.release.xcconfig */,
				BB88A2F166ECA98D44F90D14 /* Pods-LTKitTests.debug.xcconfig */,
				8EF586D7F307D769E58CA115 /* Pods-LTKitTests.release.xcconfig */,
				7C6FA6813241788AFEE8EC66 /* Pods-LTKitUITests.debug.xcconfig */,
				41FA70B3D89309A4FE5412F9 /* Pods-LTKitUITests.release.xcconfig */,
			);
			name = Pods;
			sourceTree = "<group>";
		};
/* End PBXGroup section */

/* Begin PBXNativeTarget section */
		AAC48E6622B78D8000B885A3 /* LTKit */ = {
			isa = PBXNativeTarget;
			buildConfigurationList = AAC48E9322B78D8200B885A3 /* Build configuration list for PBXNativeTarget "LTKit" */;
			buildPhases = (
				8EC291DA8FE4C622E8D42713 /* [CP] Check Pods Manifest.lock */,
				AAC48E6322B78D8000B885A3 /* Sources */,
				AAC48E6422B78D8000B885A3 /* Frameworks */,
				AAC48E6522B78D8000B885A3 /* Resources */,
				16E9333627A4AD339A8BEB03 /* [CP] Copy Pods Resources */,
			);
			buildRules = (
			);
			dependencies = (
			);
			name = LTKit;
			productName = LTKit;
			productReference = AAC48E6722B78D8000B885A3 /* LTKit.app */;
			productType = "com.apple.product-type.application";
		};
		AAC48E7E22B78D8200B885A3 /* LTKitTests */ = {
			isa = PBXNativeTarget;
			buildConfigurationList = AAC48E9622B78D8200B885A3 /* Build configuration list for PBXNativeTarget "LTKitTests" */;
			buildPhases = (
				1E22FA0F57339F40F570DC6E /* [CP] Check Pods Manifest.lock */,
				AAC48E7B22B78D8200B885A3 /* Sources */,
				AAC48E7C22B78D8200B885A3 /* Frameworks */,
				AAC48E7D22B78D8200B885A3 /* Resources */,
			);
			buildRules = (
			);
			dependencies = (
				AAC48E8122B78D8200B885A3 /* PBXTargetDependency */,
			);
			name = LTKitTests;
			productName = LTKitTests;
			productReference = AAC48E7F22B78D8200B885A3 /* LTKitTests.xctest */;
			productType = "com.apple.product-type.bundle.unit-test";
		};
		AAC48E8922B78D8200B885A3 /* LTKitUITests */ = {
			isa = PBXNativeTarget;
			buildConfigurationList = AAC48E9922B78D8200B885A3 /* Build configuration list for PBXNativeTarget "LTKitUITests" */;
			buildPhases = (
				88D9C1F3265A9F2E6AA509BC /* [CP] Check Pods Manifest.lock */,
				AAC48E8622B78D8200B885A3 /* Sources */,
				AAC48E8722B78D8200B885A3 /* Frameworks */,
				AAC48E8822B78D8200B885A3 /* Resources */,
			);
			buildRules = (
			);
			dependencies = (
				AAC48E8C22B78D8200B885A3 /* PBXTargetDependency */,
			);
			name = LTKitUITests;
			productName = LTKitUITests;
			productReference = AAC48E8A22B78D8200B885A3 /* LTKitUITests.xctest */;
			productType = "com.apple.product-type.bundle.ui-testing";
		};
/* End PBXNativeTarget section */

/* Begin PBXProject section */
		AAC48E5F22B78D8000B885A3 /* Project object */ = {
			isa = PBXProject;
			attributes = {
				LastUpgradeCheck = 1020;
				ORGANIZATIONNAME = mrstock;
				TargetAttributes = {
					AAC48E6622B78D8000B885A3 = {
						CreatedOnToolsVersion = 10.2;
					};
					AAC48E7E22B78D8200B885A3 = {
						CreatedOnToolsVersion = 10.2;
						TestTargetID = AAC48E6622B78D8000B885A3;
					};
					AAC48E8922B78D8200B885A3 = {
						CreatedOnToolsVersion = 10.2;
						TestTargetID = AAC48E6622B78D8000B885A3;
					};
				};
			};
			buildConfigurationList = AAC48E6222B78D8000B885A3 /* Build configuration list for PBXProject "LTKit" */;
			compatibilityVersion = "Xcode 9.3";
			developmentRegion = en;
			hasScannedForEncodings = 0;
			knownRegions = (
				en,
				Base,
			);
			mainGroup = AAC48E5E22B78D8000B885A3;
			productRefGroup = AAC48E6822B78D8000B885A3 /* Products */;
			projectDirPath = "";
			projectRoot = "";
			targets = (
				AAC48E6622B78D8000B885A3 /* LTKit */,
				AAC48E7E22B78D8200B885A3 /* LTKitTests */,
				AAC48E8922B78D8200B885A3 /* LTKitUITests */,
			);
		};
/* End PBXProject section */

/* Begin PBXResourcesBuildPhase section */
		AAC48E6522B78D8000B885A3 /* Resources */ = {
			isa = PBXResourcesBuildPhase;
			buildActionMask = 2147483647;
			files = (
				AAC48E7722B78D8200B885A3 /* LaunchScreen.storyboard in Resources */,
				AAC48E7422B78D8200B885A3 /* Assets.xcassets in Resources */,
				AAC48E7222B78D8000B885A3 /* Main.storyboard in Resources */,
			);
			runOnlyForDeploymentPostprocessing = 0;
		};
		AAC48E7D22B78D8200B885A3 /* Resources */ = {
			isa = PBXResourcesBuildPhase;
			buildActionMask = 2147483647;
			files = (
			);
			runOnlyForDeploymentPostprocessing = 0;
		};
		AAC48E8822B78D8200B885A3 /* Resources */ = {
			isa = PBXResourcesBuildPhase;
			buildActionMask = 2147483647;
			files = (
			);
			runOnlyForDeploymentPostprocessing = 0;
		};
/* End PBXResourcesBuildPhase section */

/* Begin PBXShellScriptBuildPhase section */
		16E9333627A4AD339A8BEB03 /* [CP] Copy Pods Resources */ = {
			isa = PBXShellScriptBuildPhase;
			buildActionMask = 2147483647;
			files = (
			);
			inputFileListPaths = (
				"${PODS_ROOT}/Target Support Files/Pods-LTKit/Pods-LTKit-resources-${CONFIGURATION}-input-files.xcfilelist",
			);
			name = "[CP] Copy Pods Resources";
			outputFileListPaths = (
				"${PODS_ROOT}/Target Support Files/Pods-LTKit/Pods-LTKit-resources-${CONFIGURATION}-output-files.xcfilelist",
			);
			runOnlyForDeploymentPostprocessing = 0;
			shellPath = /bin/sh;
			shellScript = "\"${PODS_ROOT}/Target Support Files/Pods-LTKit/Pods-LTKit-resources.sh\"\n";
			showEnvVarsInLog = 0;
		};
		1E22FA0F57339F40F570DC6E /* [CP] Check Pods Manifest.lock */ = {
			isa = PBXShellScriptBuildPhase;
			buildActionMask = 2147483647;
			files = (
			);
			inputFileListPaths = (
			);
			inputPaths = (
				"${PODS_PODFILE_DIR_PATH}/Podfile.lock",
				"${PODS_ROOT}/Manifest.lock",
			);
			name = "[CP] Check Pods Manifest.lock";
			outputFileListPaths = (
			);
			outputPaths = (
				"$(DERIVED_FILE_DIR)/Pods-LTKitTests-checkManifestLockResult.txt",
			);
			runOnlyForDeploymentPostprocessing = 0;
			shellPath = /bin/sh;
			shellScript = "diff \"${PODS_PODFILE_DIR_PATH}/Podfile.lock\" \"${PODS_ROOT}/Manifest.lock\" > /dev/null\nif [ $? != 0 ] ; then\n    # print error to STDERR\n    echo \"error: The sandbox is not in sync with the Podfile.lock. Run 'pod install' or update your CocoaPods installation.\" >&2\n    exit 1\nfi\n# This output is used by Xcode 'outputs' to avoid re-running this script phase.\necho \"SUCCESS\" > \"${SCRIPT_OUTPUT_FILE_0}\"\n";
			showEnvVarsInLog = 0;
		};
		88D9C1F3265A9F2E6AA509BC /* [CP] Check Pods Manifest.lock */ = {
			isa = PBXShellScriptBuildPhase;
			buildActionMask = 2147483647;
			files = (
			);
			inputFileListPaths = (
			);
			inputPaths = (
				"${PODS_PODFILE_DIR_PATH}/Podfile.lock",
				"${PODS_ROOT}/Manifest.lock",
			);
			name = "[CP] Check Pods Manifest.lock";
			outputFileListPaths = (
			);
			outputPaths = (
				"$(DERIVED_FILE_DIR)/Pods-LTKitUITests-checkManifestLockResult.txt",
			);
			runOnlyForDeploymentPostprocessing = 0;
			shellPath = /bin/sh;
			shellScript = "diff \"${PODS_PODFILE_DIR_PATH}/Podfile.lock\" \"${PODS_ROOT}/Manifest.lock\" > /dev/null\nif [ $? != 0 ] ; then\n    # print error to STDERR\n    echo \"error: The sandbox is not in sync with the Podfile.lock. Run 'pod install' or update your CocoaPods installation.\" >&2\n    exit 1\nfi\n# This output is used by Xcode 'outputs' to avoid re-running this script phase.\necho \"SUCCESS\" > \"${SCRIPT_OUTPUT_FILE_0}\"\n";
			showEnvVarsInLog = 0;
		};
		8EC291DA8FE4C622E8D42713 /* [CP] Check Pods Manifest.lock */ = {
			isa = PBXShellScriptBuildPhase;
			buildActionMask = 2147483647;
			files = (
			);
			inputFileListPaths = (
			);
			inputPaths = (
				"${PODS_PODFILE_DIR_PATH}/Podfile.lock",
				"${PODS_ROOT}/Manifest.lock",
			);
			name = "[CP] Check Pods Manifest.lock";
			outputFileListPaths = (
			);
			outputPaths = (
				"$(DERIVED_FILE_DIR)/Pods-LTKit-checkManifestLockResult.txt",
			);
			runOnlyForDeploymentPostprocessing = 0;
			shellPath = /bin/sh;
			shellScript = "diff \"${PODS_PODFILE_DIR_PATH}/Podfile.lock\" \"${PODS_ROOT}/Manifest.lock\" > /dev/null\nif [ $? != 0 ] ; then\n    # print error to STDERR\n    echo \"error: The sandbox is not in sync with the Podfile.lock. Run 'pod install' or update your CocoaPods installation.\" >&2\n    exit 1\nfi\n# This output is used by Xcode 'outputs' to avoid re-running this script phase.\necho \"SUCCESS\" > \"${SCRIPT_OUTPUT_FILE_0}\"\n";
			showEnvVarsInLog = 0;
		};
/* End PBXShellScriptBuildPhase section */

/* Begin PBXSourcesBuildPhase section */
		AAC48E6322B78D8000B885A3 /* Sources */ = {
			isa = PBXSourcesBuildPhase;
			buildActionMask = 2147483647;
			files = (
				AA0487E6234F051600A7A87D /* LTAdPageView.m in Sources */,
				AA08449B234DD3F800CDAC5D /* LTFPSLabel.m in Sources */,
				AAF11DED234C623E0095201E /* UIImage+LTExtension.m in Sources */,
				AAE660DB2387AE4B00F58C13 /* UITextView+LT.m in Sources */,
				AAE660C52387730A00F58C13 /* NSDictionary+LT.m in Sources */,
				AA55E0C722B8B39A00CBC1CA /* UIAlertController+Blocks.m in Sources */,
				AAF11DF1234C78400095201E /* NSDate+LTExtension.m in Sources */,
				AA794C882333686200AB7EE6 /* UIView+LTGradient.m in Sources */,
				AAF11DE7234C55E20095201E /* UIButton+LTCountDown.m in Sources */,
				AAE660D52387A94800F58C13 /* LTTextView.m in Sources */,
				AAC48E6F22B78D8000B885A3 /* ViewController.m in Sources */,
				AA00663123B19C4300349C55 /* UIView+LTAutoLayout.m in Sources */,
				AA55E0CD22B8CBCF00CBC1CA /* UIViewController+LT.m in Sources */,
				AA0252DC23A864860098C132 /* LTPageControl.m in Sources */,
				AAC48E7A22B78D8200B885A3 /* main.m in Sources */,
				AAE2F5262337576100BE535B /* UIView+LTFrame.m in Sources */,
				AAFC39B123D04D77002AB88C /* LTStarView.m in Sources */,
				AA0252E223A865640098C132 /* LTCyclePagerTransformLayout.m in Sources */,
				AAE2F52C23375B4800BE535B /* NSObject+LTExtension.m in Sources */,
				AAE7754B2353040300026A17 /* NSUserDefaults+LTiCloudSync.m in Sources */,
				AA55E0CA22B8C7A000CBC1CA /* DemoViewController.m in Sources */,
				AAE2F523233747A000BE535B /* LTTouchID.m in Sources */,
				AA794C912333796700AB7EE6 /* UIView+LTTouch.m in Sources */,
				AA794C8E2333793B00AB7EE6 /* UIView+LTShadow.m in Sources */,
				AAF11DF4234C78F40095201E /* NSArray+Safe.m in Sources */,
				AAE775472352FD6F00026A17 /* NSIndexPath+LTOffset.m in Sources */,
				AAC48E6C22B78D8000B885A3 /* AppDelegate.m in Sources */,
				AA0252DF23A864BD0098C132 /* LTCyclePagerView.m in Sources */,
				AA04444823345DB400FD2F07 /* NSString+LTExtension.m in Sources */,
				AA0A9C042338A3D1008D0B08 /* UIButton+LTExtension.m in Sources */,
				AA230EC722B9CB9800866C04 /* UIView+LTExtension.m in Sources */,
				AA04444B23345F0C00FD2F07 /* NSData+LTEncrypt.m in Sources */,
				AA0A9BFE23385CBE008D0B08 /* UIApplication+LTExtension.m in Sources */,
				AA0A9C012338A39E008D0B08 /* UIButton+LTBadge.m in Sources */,
				AAE2F5292337577C00BE535B /* UIView+LTCorners.m in Sources */,
				AAF11DEA234C596B0095201E /* UIColor+LTExtension.m in Sources */,
				AA0444552334679300FD2F07 /* NSString+LTEncrypt.m in Sources */,
				AA04444E2334664200FD2F07 /* NSString+LTRegex.m in Sources */,
				AAF2E755235053BA007470ED /* NSURLRequest+LTParams.m in Sources */,
				AAF2E75123504AF7007470ED /* NSURLSession+LTSynchronousTask.m in Sources */,
				AA14936323A9C77C004A0EF5 /* LTPagerViewDemoCell.m in Sources */,
			);
			runOnlyForDeploymentPostprocessing = 0;
		};
		AAC48E7B22B78D8200B885A3 /* Sources */ = {
			isa = PBXSourcesBuildPhase;
			buildActionMask = 2147483647;
			files = (
				AAC48E8422B78D8200B885A3 /* LTKitTests.m in Sources */,
			);
			runOnlyForDeploymentPostprocessing = 0;
		};
		AAC48E8622B78D8200B885A3 /* Sources */ = {
			isa = PBXSourcesBuildPhase;
			buildActionMask = 2147483647;
			files = (
				AAC48E8F22B78D8200B885A3 /* LTKitUITests.m in Sources */,
			);
			runOnlyForDeploymentPostprocessing = 0;
		};
/* End PBXSourcesBuildPhase section */

/* Begin PBXTargetDependency section */
		AAC48E8122B78D8200B885A3 /* PBXTargetDependency */ = {
			isa = PBXTargetDependency;
			target = AAC48E6622B78D8000B885A3 /* LTKit */;
			targetProxy = AAC48E8022B78D8200B885A3 /* PBXContainerItemProxy */;
		};
		AAC48E8C22B78D8200B885A3 /* PBXTargetDependency */ = {
			isa = PBXTargetDependency;
			target = AAC48E6622B78D8000B885A3 /* LTKit */;
			targetProxy = AAC48E8B22B78D8200B885A3 /* PBXContainerItemProxy */;
		};
/* End PBXTargetDependency section */

/* Begin PBXVariantGroup section */
		AAC48E7022B78D8000B885A3 /* Main.storyboard */ = {
			isa = PBXVariantGroup;
			children = (
				AAC48E7122B78D8000B885A3 /* Base */,
			);
			name = Main.storyboard;
			sourceTree = "<group>";
		};
		AAC48E7522B78D8200B885A3 /* LaunchScreen.storyboard */ = {
			isa = PBXVariantGroup;
			children = (
				AAC48E7622B78D8200B885A3 /* Base */,
			);
			name = LaunchScreen.storyboard;
			sourceTree = "<group>";
		};
/* End PBXVariantGroup section */

/* Begin XCBuildConfiguration section */
		AAC48E9122B78D8200B885A3 /* Debug */ = {
			isa = XCBuildConfiguration;
			buildSettings = {
				ALWAYS_SEARCH_USER_PATHS = NO;
				CLANG_ANALYZER_NONNULL = YES;
				CLANG_ANALYZER_NUMBER_OBJECT_CONVERSION = YES_AGGRESSIVE;
				CLANG_CXX_LANGUAGE_STANDARD = "gnu++14";
				CLANG_CXX_LIBRARY = "libc++";
				CLANG_ENABLE_MODULES = YES;
				CLANG_ENABLE_OBJC_ARC = YES;
				CLANG_ENABLE_OBJC_WEAK = YES;
				CLANG_WARN_BLOCK_CAPTURE_AUTORELEASING = YES;
				CLANG_WARN_BOOL_CONVERSION = YES;
				CLANG_WARN_COMMA = YES;
				CLANG_WARN_CONSTANT_CONVERSION = YES;
				CLANG_WARN_DEPRECATED_OBJC_IMPLEMENTATIONS = YES;
				CLANG_WARN_DIRECT_OBJC_ISA_USAGE = YES_ERROR;
				CLANG_WARN_DOCUMENTATION_COMMENTS = YES;
				CLANG_WARN_EMPTY_BODY = YES;
				CLANG_WARN_ENUM_CONVERSION = YES;
				CLANG_WARN_INFINITE_RECURSION = YES;
				CLANG_WARN_INT_CONVERSION = YES;
				CLANG_WARN_NON_LITERAL_NULL_CONVERSION = YES;
				CLANG_WARN_OBJC_IMPLICIT_RETAIN_SELF = YES;
				CLANG_WARN_OBJC_LITERAL_CONVERSION = YES;
				CLANG_WARN_OBJC_ROOT_CLASS = YES_ERROR;
				CLANG_WARN_RANGE_LOOP_ANALYSIS = YES;
				CLANG_WARN_STRICT_PROTOTYPES = YES;
				CLANG_WARN_SUSPICIOUS_MOVE = YES;
				CLANG_WARN_UNGUARDED_AVAILABILITY = YES_AGGRESSIVE;
				CLANG_WARN_UNREACHABLE_CODE = YES;
				CLANG_WARN__DUPLICATE_METHOD_MATCH = YES;
				CODE_SIGN_IDENTITY = "iPhone Developer";
				COPY_PHASE_STRIP = NO;
				DEBUG_INFORMATION_FORMAT = dwarf;
				ENABLE_STRICT_OBJC_MSGSEND = YES;
				ENABLE_TESTABILITY = YES;
				GCC_C_LANGUAGE_STANDARD = gnu11;
				GCC_DYNAMIC_NO_PIC = NO;
				GCC_NO_COMMON_BLOCKS = YES;
				GCC_OPTIMIZATION_LEVEL = 0;
				GCC_PREPROCESSOR_DEFINITIONS = (
					"DEBUG=1",
					"$(inherited)",
				);
				GCC_WARN_64_TO_32_BIT_CONVERSION = YES;
				GCC_WARN_ABOUT_RETURN_TYPE = YES_ERROR;
				GCC_WARN_UNDECLARED_SELECTOR = YES;
				GCC_WARN_UNINITIALIZED_AUTOS = YES_AGGRESSIVE;
				GCC_WARN_UNUSED_FUNCTION = YES;
				GCC_WARN_UNUSED_VARIABLE = YES;
				IPHONEOS_DEPLOYMENT_TARGET = 12.2;
				MTL_ENABLE_DEBUG_INFO = INCLUDE_SOURCE;
				MTL_FAST_MATH = YES;
				ONLY_ACTIVE_ARCH = YES;
				SDKROOT = iphoneos;
			};
			name = Debug;
		};
		AAC48E9222B78D8200B885A3 /* Release */ = {
			isa = XCBuildConfiguration;
			buildSettings = {
				ALWAYS_SEARCH_USER_PATHS = NO;
				CLANG_ANALYZER_NONNULL = YES;
				CLANG_ANALYZER_NUMBER_OBJECT_CONVERSION = YES_AGGRESSIVE;
				CLANG_CXX_LANGUAGE_STANDARD = "gnu++14";
				CLANG_CXX_LIBRARY = "libc++";
				CLANG_ENABLE_MODULES = YES;
				CLANG_ENABLE_OBJC_ARC = YES;
				CLANG_ENABLE_OBJC_WEAK = YES;
				CLANG_WARN_BLOCK_CAPTURE_AUTORELEASING = YES;
				CLANG_WARN_BOOL_CONVERSION = YES;
				CLANG_WARN_COMMA = YES;
				CLANG_WARN_CONSTANT_CONVERSION = YES;
				CLANG_WARN_DEPRECATED_OBJC_IMPLEMENTATIONS = YES;
				CLANG_WARN_DIRECT_OBJC_ISA_USAGE = YES_ERROR;
				CLANG_WARN_DOCUMENTATION_COMMENTS = YES;
				CLANG_WARN_EMPTY_BODY = YES;
				CLANG_WARN_ENUM_CONVERSION = YES;
				CLANG_WARN_INFINITE_RECURSION = YES;
				CLANG_WARN_INT_CONVERSION = YES;
				CLANG_WARN_NON_LITERAL_NULL_CONVERSION = YES;
				CLANG_WARN_OBJC_IMPLICIT_RETAIN_SELF = YES;
				CLANG_WARN_OBJC_LITERAL_CONVERSION = YES;
				CLANG_WARN_OBJC_ROOT_CLASS = YES_ERROR;
				CLANG_WARN_RANGE_LOOP_ANALYSIS = YES;
				CLANG_WARN_STRICT_PROTOTYPES = YES;
				CLANG_WARN_SUSPICIOUS_MOVE = YES;
				CLANG_WARN_UNGUARDED_AVAILABILITY = YES_AGGRESSIVE;
				CLANG_WARN_UNREACHABLE_CODE = YES;
				CLANG_WARN__DUPLICATE_METHOD_MATCH = YES;
				CODE_SIGN_IDENTITY = "iPhone Developer";
				COPY_PHASE_STRIP = NO;
				DEBUG_INFORMATION_FORMAT = "dwarf-with-dsym";
				ENABLE_NS_ASSERTIONS = NO;
				ENABLE_STRICT_OBJC_MSGSEND = YES;
				GCC_C_LANGUAGE_STANDARD = gnu11;
				GCC_NO_COMMON_BLOCKS = YES;
				GCC_WARN_64_TO_32_BIT_CONVERSION = YES;
				GCC_WARN_ABOUT_RETURN_TYPE = YES_ERROR;
				GCC_WARN_UNDECLARED_SELECTOR = YES;
				GCC_WARN_UNINITIALIZED_AUTOS = YES_AGGRESSIVE;
				GCC_WARN_UNUSED_FUNCTION = YES;
				GCC_WARN_UNUSED_VARIABLE = YES;
				IPHONEOS_DEPLOYMENT_TARGET = 12.2;
				MTL_ENABLE_DEBUG_INFO = NO;
				MTL_FAST_MATH = YES;
				SDKROOT = iphoneos;
				VALIDATE_PRODUCT = YES;
			};
			name = Release;
		};
		AAC48E9422B78D8200B885A3 /* Debug */ = {
			isa = XCBuildConfiguration;
			baseConfigurationReference = 076222FABFE95B64A9948F97 /* Pods-LTKit.debug.xcconfig */;
			buildSettings = {
				ASSETCATALOG_COMPILER_APPICON_NAME = AppIcon;
				CODE_SIGN_STYLE = Automatic;
				DEVELOPMENT_TEAM = X4634493CA;
				GCC_PREFIX_HEADER = "$(SRCROOT)/LTKit/LTPrefixHeader.pch";
				INFOPLIST_FILE = LTKit/Info.plist;
				IPHONEOS_DEPLOYMENT_TARGET = 9.0;
				LD_RUNPATH_SEARCH_PATHS = (
					"$(inherited)",
					"@executable_path/Frameworks",
				);
				PRODUCT_BUNDLE_IDENTIFIER = com.mrstock.LTKit;
				PRODUCT_NAME = "$(TARGET_NAME)";
				TARGETED_DEVICE_FAMILY = "1,2";
			};
			name = Debug;
		};
		AAC48E9522B78D8200B885A3 /* Release */ = {
			isa = XCBuildConfiguration;
			baseConfigurationReference = 24F3AF511F583A3EFC99ECE7 /* Pods-LTKit.release.xcconfig */;
			buildSettings = {
				ASSETCATALOG_COMPILER_APPICON_NAME = AppIcon;
				CODE_SIGN_STYLE = Automatic;
				DEVELOPMENT_TEAM = X4634493CA;
				GCC_PREFIX_HEADER = "$(SRCROOT)/LTKit/LTPrefixHeader.pch";
				INFOPLIST_FILE = LTKit/Info.plist;
				IPHONEOS_DEPLOYMENT_TARGET = 9.0;
				LD_RUNPATH_SEARCH_PATHS = (
					"$(inherited)",
					"@executable_path/Frameworks",
				);
				PRODUCT_BUNDLE_IDENTIFIER = com.mrstock.LTKit;
				PRODUCT_NAME = "$(TARGET_NAME)";
				TARGETED_DEVICE_FAMILY = "1,2";
			};
			name = Release;
		};
		AAC48E9722B78D8200B885A3 /* Debug */ = {
			isa = XCBuildConfiguration;
			baseConfigurationReference = BB88A2F166ECA98D44F90D14 /* Pods-LTKitTests.debug.xcconfig */;
			buildSettings = {
				BUNDLE_LOADER = "$(TEST_HOST)";
				CODE_SIGN_STYLE = Automatic;
				INFOPLIST_FILE = LTKitTests/Info.plist;
				LD_RUNPATH_SEARCH_PATHS = (
					"$(inherited)",
					"@executable_path/Frameworks",
					"@loader_path/Frameworks",
				);
				PRODUCT_BUNDLE_IDENTIFIER = com.mrstock.LTKitTests;
				PRODUCT_NAME = "$(TARGET_NAME)";
				TARGETED_DEVICE_FAMILY = "1,2";
				TEST_HOST = "$(BUILT_PRODUCTS_DIR)/LTKit.app/LTKit";
			};
			name = Debug;
		};
		AAC48E9822B78D8200B885A3 /* Release */ = {
			isa = XCBuildConfiguration;
			baseConfigurationReference = 8EF586D7F307D769E58CA115 /* Pods-LTKitTests.release.xcconfig */;
			buildSettings = {
				BUNDLE_LOADER = "$(TEST_HOST)";
				CODE_SIGN_STYLE = Automatic;
				INFOPLIST_FILE = LTKitTests/Info.plist;
				LD_RUNPATH_SEARCH_PATHS = (
					"$(inherited)",
					"@executable_path/Frameworks",
					"@loader_path/Frameworks",
				);
				PRODUCT_BUNDLE_IDENTIFIER = com.mrstock.LTKitTests;
				PRODUCT_NAME = "$(TARGET_NAME)";
				TARGETED_DEVICE_FAMILY = "1,2";
				TEST_HOST = "$(BUILT_PRODUCTS_DIR)/LTKit.app/LTKit";
			};
			name = Release;
		};
		AAC48E9A22B78D8200B885A3 /* Debug */ = {
			isa = XCBuildConfiguration;
			baseConfigurationReference = 7C6FA6813241788AFEE8EC66 /* Pods-LTKitUITests.debug.xcconfig */;
			buildSettings = {
				CODE_SIGN_STYLE = Automatic;
				INFOPLIST_FILE = LTKitUITests/Info.plist;
				LD_RUNPATH_SEARCH_PATHS = (
					"$(inherited)",
					"@executable_path/Frameworks",
					"@loader_path/Frameworks",
				);
				PRODUCT_BUNDLE_IDENTIFIER = com.mrstock.LTKitUITests;
				PRODUCT_NAME = "$(TARGET_NAME)";
				TARGETED_DEVICE_FAMILY = "1,2";
				TEST_TARGET_NAME = LTKit;
			};
			name = Debug;
		};
		AAC48E9B22B78D8200B885A3 /* Release */ = {
			isa = XCBuildConfiguration;
			baseConfigurationReference = 41FA70B3D89309A4FE5412F9 /* Pods-LTKitUITests.release.xcconfig */;
			buildSettings = {
				CODE_SIGN_STYLE = Automatic;
				INFOPLIST_FILE = LTKitUITests/Info.plist;
				LD_RUNPATH_SEARCH_PATHS = (
					"$(inherited)",
					"@executable_path/Frameworks",
					"@loader_path/Frameworks",
				);
				PRODUCT_BUNDLE_IDENTIFIER = com.mrstock.LTKitUITests;
				PRODUCT_NAME = "$(TARGET_NAME)";
				TARGETED_DEVICE_FAMILY = "1,2";
				TEST_TARGET_NAME = LTKit;
			};
			name = Release;
		};
/* End XCBuildConfiguration section */

/* Begin XCConfigurationList section */
		AAC48E6222B78D8000B885A3 /* Build configuration list for PBXProject "LTKit" */ = {
			isa = XCConfigurationList;
			buildConfigurations = (
				AAC48E9122B78D8200B885A3 /* Debug */,
				AAC48E9222B78D8200B885A3 /* Release */,
			);
			defaultConfigurationIsVisible = 0;
			defaultConfigurationName = Release;
		};
		AAC48E9322B78D8200B885A3 /* Build configuration list for PBXNativeTarget "LTKit" */ = {
			isa = XCConfigurationList;
			buildConfigurations = (
				AAC48E9422B78D8200B885A3 /* Debug */,
				AAC48E9522B78D8200B885A3 /* Release */,
			);
			defaultConfigurationIsVisible = 0;
			defaultConfigurationName = Release;
		};
		AAC48E9622B78D8200B885A3 /* Build configuration list for PBXNativeTarget "LTKitTests" */ = {
			isa = XCConfigurationList;
			buildConfigurations = (
				AAC48E9722B78D8200B885A3 /* Debug */,
				AAC48E9822B78D8200B885A3 /* Release */,
			);
			defaultConfigurationIsVisible = 0;
			defaultConfigurationName = Release;
		};
		AAC48E9922B78D8200B885A3 /* Build configuration list for PBXNativeTarget "LTKitUITests" */ = {
			isa = XCConfigurationList;
			buildConfigurations = (
				AAC48E9A22B78D8200B885A3 /* Debug */,
				AAC48E9B22B78D8200B885A3 /* Release */,
			);
			defaultConfigurationIsVisible = 0;
			defaultConfigurationName = Release;
		};
/* End XCConfigurationList section */
	};
	rootObject = AAC48E5F22B78D8000B885A3 /* Project object */;
}
