// !$*UTF8*$!
{
	archiveVersion = 1;
	classes = {
	};
	objectVersion = 51;
	objects = {

/* Begin PBXBuildFile section */
		10715E5EBEC92230B874EF35 /* libPods-TMKit.a in Frameworks */ = {isa = PBXBuildFile; fileRef = 7A2161A084AA2540F1B1A99F /* libPods-TMKit.a */; };
		687943820E67AABEFE59F59E /* libPods-TMKitUITests.a in Frameworks */ = {isa = PBXBuildFile; fileRef = A988A394459BB63A72809351 /* libPods-TMKitUITests.a */; };
		AA00663123B19C4300349C55 /* UIView+TMAutoLayout.m in Sources */ = {isa = PBXBuildFile; fileRef = AA00663023B19C4300349C55 /* UIView+TMAutoLayout.m */; };
		AA0252DC23A864860098C132 /* TMPageControl.m in Sources */ = {isa = PBXBuildFile; fileRef = AA0252DB23A864860098C132 /* TMPageControl.m */; };
		AA0252DF23A864BD0098C132 /* TMCyclePagerView.m in Sources */ = {isa = PBXBuildFile; fileRef = AA0252DE23A864BD0098C132 /* TMCyclePagerView.m */; };
		AA0252E223A865640098C132 /* TMCyclePagerTransformLayout.m in Sources */ = {isa = PBXBuildFile; fileRef = AA0252E123A865640098C132 /* TMCyclePagerTransformLayout.m */; };
		AA0429B223D3FC770021D2D2 /* TMStarRateView.m in Sources */ = {isa = PBXBuildFile; fileRef = AA0429B123D3FC770021D2D2 /* TMStarRateView.m */; };
		AA0429B823D41ACB0021D2D2 /* UIImage+Tint.m in Sources */ = {isa = PBXBuildFile; fileRef = AA0429B723D41ACB0021D2D2 /* UIImage+Tint.m */; };
		AA04444823345DB400FD2F07 /* NSString+TMExtension.m in Sources */ = {isa = PBXBuildFile; fileRef = AA04444723345DB400FD2F07 /* NSString+TMExtension.m */; };
		AA04444B23345F0C00FD2F07 /* NSData+TMEncrypt.m in Sources */ = {isa = PBXBuildFile; fileRef = AA04444A23345F0C00FD2F07 /* NSData+TMEncrypt.m */; };
		AA04444E2334664200FD2F07 /* NSString+TMRegex.m in Sources */ = {isa = PBXBuildFile; fileRef = AA04444D2334664200FD2F07 /* NSString+TMRegex.m */; };
		AA0444552334679300FD2F07 /* NSString+TMEncrypt.m in Sources */ = {isa = PBXBuildFile; fileRef = AA0444542334679300FD2F07 /* NSString+TMEncrypt.m */; };
		AA0487E6234F051600A7A87D /* TMAdPageView.m in Sources */ = {isa = PBXBuildFile; fileRef = AA0487E5234F051600A7A87D /* TMAdPageView.m */; };
		AA08449B234DD3F800CDAC5D /* TMFPSLabel.m in Sources */ = {isa = PBXBuildFile; fileRef = AA08449A234DD3F800CDAC5D /* TMFPSLabel.m */; };
		AA0A9BFE23385CBE008D0B08 /* UIApplication+TMExtension.m in Sources */ = {isa = PBXBuildFile; fileRef = AA0A9BFD23385CBE008D0B08 /* UIApplication+TMExtension.m */; };
		AA0A9C012338A39E008D0B08 /* UIButton+TMBadge.m in Sources */ = {isa = PBXBuildFile; fileRef = AA0A9C002338A39E008D0B08 /* UIButton+TMBadge.m */; };
		AA0A9C042338A3D1008D0B08 /* UIButton+TMExtension.m in Sources */ = {isa = PBXBuildFile; fileRef = AA0A9C032338A3D1008D0B08 /* UIButton+TMExtension.m */; };
		AA10DE412420C68B00CCBFCC /* TMDragView.m in Sources */ = {isa = PBXBuildFile; fileRef = AA10DE402420C68B00CCBFCC /* TMDragView.m */; };
		AA10DE452420DC6900CCBFCC /* TMDragViewController.m in Sources */ = {isa = PBXBuildFile; fileRef = AA10DE442420DC6900CCBFCC /* TMDragViewController.m */; };
		AA1B9E0C24287FF5006B2910 /* TMPanModalViewController.m in Sources */ = {isa = PBXBuildFile; fileRef = AA1B9E0A24287FF5006B2910 /* TMPanModalViewController.m */; };
		AA1B9E0D24287FF5006B2910 /* TMPanModalViewController.xib in Resources */ = {isa = PBXBuildFile; fileRef = AA1B9E0B24287FF5006B2910 /* TMPanModalViewController.xib */; };
		AA230EC722B9CB9800866C04 /* UIView+TMExtension.m in Sources */ = {isa = PBXBuildFile; fileRef = AA230EC622B9CB9800866C04 /* UIView+TMExtension.m */; };
		AA55E0C722B8B39A00CBC1CA /* UIAlertController+Blocks.m in Sources */ = {isa = PBXBuildFile; fileRef = AA55E0C622B8B39A00CBC1CA /* UIAlertController+Blocks.m */; };
		AA55E0CD22B8CBCF00CBC1CA /* UIViewController+TM.m in Sources */ = {isa = PBXBuildFile; fileRef = AA55E0CC22B8CBCF00CBC1CA /* UIViewController+TM.m */; };
		AA794C882333686200AB7EE6 /* UIView+TMGradient.m in Sources */ = {isa = PBXBuildFile; fileRef = AA794C872333686200AB7EE6 /* UIView+TMGradient.m */; };
		AA794C8E2333793B00AB7EE6 /* UIView+TMShadow.m in Sources */ = {isa = PBXBuildFile; fileRef = AA794C8D2333793B00AB7EE6 /* UIView+TMShadow.m */; };
		AA794C912333796700AB7EE6 /* UIView+TMTouch.m in Sources */ = {isa = PBXBuildFile; fileRef = AA794C902333796700AB7EE6 /* UIView+TMTouch.m */; };
		AAC48E6C22B78D8000B885A3 /* AppDelegate.m in Sources */ = {isa = PBXBuildFile; fileRef = AAC48E6B22B78D8000B885A3 /* AppDelegate.m */; };
		AAC48E6F22B78D8000B885A3 /* ViewController.m in Sources */ = {isa = PBXBuildFile; fileRef = AAC48E6E22B78D8000B885A3 /* ViewController.m */; };
		AAC48E7222B78D8000B885A3 /* Main.storyboard in Resources */ = {isa = PBXBuildFile; fileRef = AAC48E7022B78D8000B885A3 /* Main.storyboard */; };
		AAC48E7422B78D8200B885A3 /* Assets.xcassets in Resources */ = {isa = PBXBuildFile; fileRef = AAC48E7322B78D8200B885A3 /* Assets.xcassets */; };
		AAC48E7722B78D8200B885A3 /* LaunchScreen.storyboard in Resources */ = {isa = PBXBuildFile; fileRef = AAC48E7522B78D8200B885A3 /* LaunchScreen.storyboard */; };
		AAC48E7A22B78D8200B885A3 /* main.m in Sources */ = {isa = PBXBuildFile; fileRef = AAC48E7922B78D8200B885A3 /* main.m */; };
		AAC48E8422B78D8200B885A3 /* TMKitTests.m in Sources */ = {isa = PBXBuildFile; fileRef = AAC48E8322B78D8200B885A3 /* TMKitTests.m */; };
		AAC48E8F22B78D8200B885A3 /* TMKitUITests.m in Sources */ = {isa = PBXBuildFile; fileRef = AAC48E8E22B78D8200B885A3 /* TMKitUITests.m */; };
		AAD531F02423736300048DD9 /* TMWebViewController.m in Sources */ = {isa = PBXBuildFile; fileRef = AAD531EE2423736300048DD9 /* TMWebViewController.m */; };
		AAE2F523233747A000BE535B /* TMTouchID.m in Sources */ = {isa = PBXBuildFile; fileRef = AAE2F522233747A000BE535B /* TMTouchID.m */; };
		AAE2F5262337576100BE535B /* UIView+TMFrame.m in Sources */ = {isa = PBXBuildFile; fileRef = AAE2F5252337576100BE535B /* UIView+TMFrame.m */; };
		AAE2F5292337577C00BE535B /* UIView+TMCorners.m in Sources */ = {isa = PBXBuildFile; fileRef = AAE2F5282337577C00BE535B /* UIView+TMCorners.m */; };
		AAE2F52C23375B4800BE535B /* NSObject+TMExtension.m in Sources */ = {isa = PBXBuildFile; fileRef = AAE2F52B23375B4800BE535B /* NSObject+TMExtension.m */; };
		AAE660C52387730A00F58C13 /* NSDictionary+TM.m in Sources */ = {isa = PBXBuildFile; fileRef = AAE660C42387730A00F58C13 /* NSDictionary+TM.m */; };
		AAE660D52387A94800F58C13 /* TMTextView.m in Sources */ = {isa = PBXBuildFile; fileRef = AAE660D42387A94800F58C13 /* TMTextView.m */; };
		AAE660DB2387AE4B00F58C13 /* UITextView+TM.m in Sources */ = {isa = PBXBuildFile; fileRef = AAE660DA2387AE4B00F58C13 /* UITextView+TM.m */; };
		AAE775472352FD6F00026A17 /* NSIndexPath+TMOffset.m in Sources */ = {isa = PBXBuildFile; fileRef = AAE775462352FD6F00026A17 /* NSIndexPath+TMOffset.m */; };
		AAE7754B2353040300026A17 /* NSUserDefaults+TMiCloudSync.m in Sources */ = {isa = PBXBuildFile; fileRef = AAE7754A2353040300026A17 /* NSUserDefaults+TMiCloudSync.m */; };
		AAECFBC623D57EFA00BAD468 /* TMTranslationMainViewController.m in Sources */ = {isa = PBXBuildFile; fileRef = AAECFBC523D57EFA00BAD468 /* TMTranslationMainViewController.m */; };
		AAECFBC923D57F1D00BAD468 /* TMTranslationModalViewController.m in Sources */ = {isa = PBXBuildFile; fileRef = AAECFBC823D57F1D00BAD468 /* TMTranslationModalViewController.m */; };
		AAECFBCD23D5820400BAD468 /* TMBouncePresentAnimation.m in Sources */ = {isa = PBXBuildFile; fileRef = AAECFBCC23D5820400BAD468 /* TMBouncePresentAnimation.m */; };
		AAECFBD023D5821B00BAD468 /* TMNormalDismissAnimation.m in Sources */ = {isa = PBXBuildFile; fileRef = AAECFBCF23D5821B00BAD468 /* TMNormalDismissAnimation.m */; };
		AAECFBD323D5824800BAD468 /* TMSwipeUpInteractiveTransition.m in Sources */ = {isa = PBXBuildFile; fileRef = AAECFBD223D5824800BAD468 /* TMSwipeUpInteractiveTransition.m */; };
		AAF11DE7234C55E20095201E /* UIButton+TMCountDown.m in Sources */ = {isa = PBXBuildFile; fileRef = AAF11DE6234C55E20095201E /* UIButton+TMCountDown.m */; };
		AAF11DEA234C596B0095201E /* UIColor+TMExtension.m in Sources */ = {isa = PBXBuildFile; fileRef = AAF11DE9234C596B0095201E /* UIColor+TMExtension.m */; };
		AAF11DED234C623E0095201E /* UIImage+TMExtension.m in Sources */ = {isa = PBXBuildFile; fileRef = AAF11DEC234C623E0095201E /* UIImage+TMExtension.m */; };
		AAF11DF1234C78400095201E /* NSDate+TMExtension.m in Sources */ = {isa = PBXBuildFile; fileRef = AAF11DF0234C78400095201E /* NSDate+TMExtension.m */; };
		AAF11DF4234C78F40095201E /* NSArray+Safe.m in Sources */ = {isa = PBXBuildFile; fileRef = AAF11DF3234C78F40095201E /* NSArray+Safe.m */; };
		AAF2E75123504AF7007470ED /* NSURLSession+TMSynchronousTask.m in Sources */ = {isa = PBXBuildFile; fileRef = AAF2E75023504AF7007470ED /* NSURLSession+TMSynchronousTask.m */; };
		AAF2E755235053BA007470ED /* NSURLRequest+TMParams.m in Sources */ = {isa = PBXBuildFile; fileRef = AAF2E754235053BA007470ED /* NSURLRequest+TMParams.m */; };
		AAFC39B123D04D77002AB88C /* TMStarView.m in Sources */ = {isa = PBXBuildFile; fileRef = AAFC39B023D04D77002AB88C /* TMStarView.m */; };
		FD3B1E5BAC1B4C9D18AF5042 /* libPods-TMKitTests.a in Frameworks */ = {isa = PBXBuildFile; fileRef = CB0696967615F615F5D4F66A /* libPods-TMKitTests.a */; };
/* End PBXBuildFile section */

/* Begin PBXContainerItemProxy section */
		AAC48E8022B78D8200B885A3 /* PBXContainerItemProxy */ = {
			isa = PBXContainerItemProxy;
			containerPortal = AAC48E5F22B78D8000B885A3 /* Project object */;
			proxyType = 1;
			remoteGlobalIDString = AAC48E6622B78D8000B885A3;
			remoteInfo = TMKit;
		};
		AAC48E8B22B78D8200B885A3 /* PBXContainerItemProxy */ = {
			isa = PBXContainerItemProxy;
			containerPortal = AAC48E5F22B78D8000B885A3 /* Project object */;
			proxyType = 1;
			remoteGlobalIDString = AAC48E6622B78D8000B885A3;
			remoteInfo = TMKit;
		};
/* End PBXContainerItemProxy section */

/* Begin PBXFileReference section */
		076222FABFE95B64A9948F97 /* Pods-TMKit.debug.xcconfig */ = {isa = PBXFileReference; includeInIndex = 1; lastKnownFileType = text.xcconfig; name = "Pods-TMKit.debug.xcconfig"; path = "Pods/Target Support Files/Pods-TMKit/Pods-TMKit.debug.xcconfig"; sourceTree = "<group>"; };
		24F3AF511F583A3EFC99ECE7 /* Pods-TMKit.release.xcconfig */ = {isa = PBXFileReference; includeInIndex = 1; lastKnownFileType = text.xcconfig; name = "Pods-TMKit.release.xcconfig"; path = "Pods/Target Support Files/Pods-TMKit/Pods-TMKit.release.xcconfig"; sourceTree = "<group>"; };
		41FA70B3D89309A4FE5412F9 /* Pods-TMKitUITests.release.xcconfig */ = {isa = PBXFileReference; includeInIndex = 1; lastKnownFileType = text.xcconfig; name = "Pods-TMKitUITests.release.xcconfig"; path = "Pods/Target Support Files/Pods-TMKitUITests/Pods-TMKitUITests.release.xcconfig"; sourceTree = "<group>"; };
		7A2161A084AA2540F1B1A99F /* libPods-TMKit.a */ = {isa = PBXFileReference; explicitFileType = archive.ar; includeInIndex = 0; path = "libPods-TMKit.a"; sourceTree = BUILT_PRODUCTS_DIR; };
		7C6FA6813241788AFEE8EC66 /* Pods-TMKitUITests.debug.xcconfig */ = {isa = PBXFileReference; includeInIndex = 1; lastKnownFileType = text.xcconfig; name = "Pods-TMKitUITests.debug.xcconfig"; path = "Pods/Target Support Files/Pods-TMKitUITests/Pods-TMKitUITests.debug.xcconfig"; sourceTree = "<group>"; };
		8EF586D7F307D769E58CA115 /* Pods-TMKitTests.release.xcconfig */ = {isa = PBXFileReference; includeInIndex = 1; lastKnownFileType = text.xcconfig; name = "Pods-TMKitTests.release.xcconfig"; path = "Pods/Target Support Files/Pods-TMKitTests/Pods-TMKitTests.release.xcconfig"; sourceTree = "<group>"; };
		A988A394459BB63A72809351 /* libPods-TMKitUITests.a */ = {isa = PBXFileReference; explicitFileType = archive.ar; includeInIndex = 0; path = "libPods-TMKitUITests.a"; sourceTree = BUILT_PRODUCTS_DIR; };
		AA00662F23B19C4300349C55 /* UIView+TMAutoLayout.h */ = {isa = PBXFileReference; lastKnownFileType = sourcecode.c.h; path = "UIView+TMAutoLayout.h"; sourceTree = "<group>"; };
		AA00663023B19C4300349C55 /* UIView+TMAutoLayout.m */ = {isa = PBXFileReference; lastKnownFileType = sourcecode.c.objc; path = "UIView+TMAutoLayout.m"; sourceTree = "<group>"; };
		AA0252DA23A864860098C132 /* TMPageControl.h */ = {isa = PBXFileReference; lastKnownFileType = sourcecode.c.h; path = TMPageControl.h; sourceTree = "<group>"; };
		AA0252DB23A864860098C132 /* TMPageControl.m */ = {isa = PBXFileReference; lastKnownFileType = sourcecode.c.objc; path = TMPageControl.m; sourceTree = "<group>"; };
		AA0252DD23A864BD0098C132 /* TMCyclePagerView.h */ = {isa = PBXFileReference; lastKnownFileType = sourcecode.c.h; path = TMCyclePagerView.h; sourceTree = "<group>"; };
		AA0252DE23A864BD0098C132 /* TMCyclePagerView.m */ = {isa = PBXFileReference; lastKnownFileType = sourcecode.c.objc; path = TMCyclePagerView.m; sourceTree = "<group>"; };
		AA0252E023A865640098C132 /* TMCyclePagerTransformLayout.h */ = {isa = PBXFileReference; lastKnownFileType = sourcecode.c.h; path = TMCyclePagerTransformLayout.h; sourceTree = "<group>"; };
		AA0252E123A865640098C132 /* TMCyclePagerTransformLayout.m */ = {isa = PBXFileReference; lastKnownFileType = sourcecode.c.objc; path = TMCyclePagerTransformLayout.m; sourceTree = "<group>"; };
		AA0252E323A87A8F0098C132 /* TMHeader.h */ = {isa = PBXFileReference; lastKnownFileType = sourcecode.c.h; path = TMHeader.h; sourceTree = "<group>"; };
		AA0429B023D3FC770021D2D2 /* TMStarRateView.h */ = {isa = PBXFileReference; lastKnownFileType = sourcecode.c.h; path = TMStarRateView.h; sourceTree = "<group>"; };
		AA0429B123D3FC770021D2D2 /* TMStarRateView.m */ = {isa = PBXFileReference; lastKnownFileType = sourcecode.c.objc; path = TMStarRateView.m; sourceTree = "<group>"; };
		AA0429B623D41ACB0021D2D2 /* UIImage+Tint.h */ = {isa = PBXFileReference; lastKnownFileType = sourcecode.c.h; path = "UIImage+Tint.h"; sourceTree = "<group>"; };
		AA0429B723D41ACB0021D2D2 /* UIImage+Tint.m */ = {isa = PBXFileReference; lastKnownFileType = sourcecode.c.objc; path = "UIImage+Tint.m"; sourceTree = "<group>"; };
		AA04444623345DB400FD2F07 /* NSString+TMExtension.h */ = {isa = PBXFileReference; lastKnownFileType = sourcecode.c.h; path = "NSString+TMExtension.h"; sourceTree = "<group>"; };
		AA04444723345DB400FD2F07 /* NSString+TMExtension.m */ = {isa = PBXFileReference; lastKnownFileType = sourcecode.c.objc; path = "NSString+TMExtension.m"; sourceTree = "<group>"; };
		AA04444923345F0C00FD2F07 /* NSData+TMEncrypt.h */ = {isa = PBXFileReference; lastKnownFileType = sourcecode.c.h; path = "NSData+TMEncrypt.h"; sourceTree = "<group>"; };
		AA04444A23345F0C00FD2F07 /* NSData+TMEncrypt.m */ = {isa = PBXFileReference; lastKnownFileType = sourcecode.c.objc; path = "NSData+TMEncrypt.m"; sourceTree = "<group>"; };
		AA04444C2334664200FD2F07 /* NSString+TMRegex.h */ = {isa = PBXFileReference; lastKnownFileType = sourcecode.c.h; path = "NSString+TMRegex.h"; sourceTree = "<group>"; };
		AA04444D2334664200FD2F07 /* NSString+TMRegex.m */ = {isa = PBXFileReference; lastKnownFileType = sourcecode.c.objc; path = "NSString+TMRegex.m"; sourceTree = "<group>"; };
		AA0444532334679300FD2F07 /* NSString+TMEncrypt.h */ = {isa = PBXFileReference; lastKnownFileType = sourcecode.c.h; path = "NSString+TMEncrypt.h"; sourceTree = "<group>"; };
		AA0444542334679300FD2F07 /* NSString+TMEncrypt.m */ = {isa = PBXFileReference; lastKnownFileType = sourcecode.c.objc; path = "NSString+TMEncrypt.m"; sourceTree = "<group>"; };
		AA0487E4234F051600A7A87D /* TMAdPageView.h */ = {isa = PBXFileReference; lastKnownFileType = sourcecode.c.h; path = TMAdPageView.h; sourceTree = "<group>"; };
		AA0487E5234F051600A7A87D /* TMAdPageView.m */ = {isa = PBXFileReference; lastKnownFileType = sourcecode.c.objc; path = TMAdPageView.m; sourceTree = "<group>"; };
		AA084499234DD3F800CDAC5D /* TMFPSLabel.h */ = {isa = PBXFileReference; lastKnownFileType = sourcecode.c.h; path = TMFPSLabel.h; sourceTree = "<group>"; };
		AA08449A234DD3F800CDAC5D /* TMFPSLabel.m */ = {isa = PBXFileReference; lastKnownFileType = sourcecode.c.objc; path = TMFPSLabel.m; sourceTree = "<group>"; };
		AA0A9BFC23385CBE008D0B08 /* UIApplication+TMExtension.h */ = {isa = PBXFileReference; lastKnownFileType = sourcecode.c.h; path = "UIApplication+TMExtension.h"; sourceTree = "<group>"; };
		AA0A9BFD23385CBE008D0B08 /* UIApplication+TMExtension.m */ = {isa = PBXFileReference; lastKnownFileType = sourcecode.c.objc; path = "UIApplication+TMExtension.m"; sourceTree = "<group>"; };
		AA0A9BFF2338A39E008D0B08 /* UIButton+TMBadge.h */ = {isa = PBXFileReference; lastKnownFileType = sourcecode.c.h; path = "UIButton+TMBadge.h"; sourceTree = "<group>"; };
		AA0A9C002338A39E008D0B08 /* UIButton+TMBadge.m */ = {isa = PBXFileReference; lastKnownFileType = sourcecode.c.objc; path = "UIButton+TMBadge.m"; sourceTree = "<group>"; };
		AA0A9C022338A3D1008D0B08 /* UIButton+TMExtension.h */ = {isa = PBXFileReference; lastKnownFileType = sourcecode.c.h; path = "UIButton+TMExtension.h"; sourceTree = "<group>"; };
		AA0A9C032338A3D1008D0B08 /* UIButton+TMExtension.m */ = {isa = PBXFileReference; lastKnownFileType = sourcecode.c.objc; path = "UIButton+TMExtension.m"; sourceTree = "<group>"; };
		AA10DE3F2420C68B00CCBFCC /* TMDragView.h */ = {isa = PBXFileReference; lastKnownFileType = sourcecode.c.h; path = TMDragView.h; sourceTree = "<group>"; };
		AA10DE402420C68B00CCBFCC /* TMDragView.m */ = {isa = PBXFileReference; lastKnownFileType = sourcecode.c.objc; path = TMDragView.m; sourceTree = "<group>"; };
		AA10DE432420DC6900CCBFCC /* TMDragViewController.h */ = {isa = PBXFileReference; lastKnownFileType = sourcecode.c.h; path = TMDragViewController.h; sourceTree = "<group>"; };
		AA10DE442420DC6900CCBFCC /* TMDragViewController.m */ = {isa = PBXFileReference; lastKnownFileType = sourcecode.c.objc; path = TMDragViewController.m; sourceTree = "<group>"; };
		AA1B9E0924287FF5006B2910 /* TMPanModalViewController.h */ = {isa = PBXFileReference; lastKnownFileType = sourcecode.c.h; path = TMPanModalViewController.h; sourceTree = "<group>"; };
		AA1B9E0A24287FF5006B2910 /* TMPanModalViewController.m */ = {isa = PBXFileReference; lastKnownFileType = sourcecode.c.objc; path = TMPanModalViewController.m; sourceTree = "<group>"; };
		AA1B9E0B24287FF5006B2910 /* TMPanModalViewController.xib */ = {isa = PBXFileReference; lastKnownFileType = file.xib; path = TMPanModalViewController.xib; sourceTree = "<group>"; };
		AA230EC522B9CB9800866C04 /* UIView+TMExtension.h */ = {isa = PBXFileReference; lastKnownFileType = sourcecode.c.h; path = "UIView+TMExtension.h"; sourceTree = "<group>"; };
		AA230EC622B9CB9800866C04 /* UIView+TMExtension.m */ = {isa = PBXFileReference; lastKnownFileType = sourcecode.c.objc; path = "UIView+TMExtension.m"; sourceTree = "<group>"; };
		AA55E0C522B8B39A00CBC1CA /* UIAlertController+Blocks.h */ = {isa = PBXFileReference; lastKnownFileType = sourcecode.c.h; path = "UIAlertController+Blocks.h"; sourceTree = "<group>"; };
		AA55E0C622B8B39A00CBC1CA /* UIAlertController+Blocks.m */ = {isa = PBXFileReference; lastKnownFileType = sourcecode.c.objc; path = "UIAlertController+Blocks.m"; sourceTree = "<group>"; };
		AA55E0CB22B8CBCF00CBC1CA /* UIViewController+TM.h */ = {isa = PBXFileReference; lastKnownFileType = sourcecode.c.h; path = "UIViewController+TM.h"; sourceTree = "<group>"; };
		AA55E0CC22B8CBCF00CBC1CA /* UIViewController+TM.m */ = {isa = PBXFileReference; lastKnownFileType = sourcecode.c.objc; path = "UIViewController+TM.m"; sourceTree = "<group>"; };
		AA794C862333686200AB7EE6 /* UIView+TMGradient.h */ = {isa = PBXFileReference; lastKnownFileType = sourcecode.c.h; path = "UIView+TMGradient.h"; sourceTree = "<group>"; };
		AA794C872333686200AB7EE6 /* UIView+TMGradient.m */ = {isa = PBXFileReference; lastKnownFileType = sourcecode.c.objc; path = "UIView+TMGradient.m"; sourceTree = "<group>"; };
		AA794C8C2333793B00AB7EE6 /* UIView+TMShadow.h */ = {isa = PBXFileReference; lastKnownFileType = sourcecode.c.h; path = "UIView+TMShadow.h"; sourceTree = "<group>"; };
		AA794C8D2333793B00AB7EE6 /* UIView+TMShadow.m */ = {isa = PBXFileReference; lastKnownFileType = sourcecode.c.objc; path = "UIView+TMShadow.m"; sourceTree = "<group>"; };
		AA794C8F2333796700AB7EE6 /* UIView+TMTouch.h */ = {isa = PBXFileReference; lastKnownFileType = sourcecode.c.h; path = "UIView+TMTouch.h"; sourceTree = "<group>"; };
		AA794C902333796700AB7EE6 /* UIView+TMTouch.m */ = {isa = PBXFileReference; lastKnownFileType = sourcecode.c.objc; path = "UIView+TMTouch.m"; sourceTree = "<group>"; };
		AAC48E6722B78D8000B885A3 /* TMKit.app */ = {isa = PBXFileReference; explicitFileType = wrapper.application; includeInIndex = 0; path = TMKit.app; sourceTree = BUILT_PRODUCTS_DIR; };
		AAC48E6A22B78D8000B885A3 /* AppDelegate.h */ = {isa = PBXFileReference; lastKnownFileType = sourcecode.c.h; path = AppDelegate.h; sourceTree = "<group>"; };
		AAC48E6B22B78D8000B885A3 /* AppDelegate.m */ = {isa = PBXFileReference; lastKnownFileType = sourcecode.c.objc; path = AppDelegate.m; sourceTree = "<group>"; };
		AAC48E6D22B78D8000B885A3 /* ViewController.h */ = {isa = PBXFileReference; lastKnownFileType = sourcecode.c.h; path = ViewController.h; sourceTree = "<group>"; };
		AAC48E6E22B78D8000B885A3 /* ViewController.m */ = {isa = PBXFileReference; lastKnownFileType = sourcecode.c.objc; path = ViewController.m; sourceTree = "<group>"; };
		AAC48E7122B78D8000B885A3 /* Base */ = {isa = PBXFileReference; lastKnownFileType = file.storyboard; name = Base; path = Base.lproj/Main.storyboard; sourceTree = "<group>"; };
		AAC48E7322B78D8200B885A3 /* Assets.xcassets */ = {isa = PBXFileReference; lastKnownFileType = folder.assetcatalog; path = Assets.xcassets; sourceTree = "<group>"; };
		AAC48E7622B78D8200B885A3 /* Base */ = {isa = PBXFileReference; lastKnownFileType = file.storyboard; name = Base; path = Base.lproj/LaunchScreen.storyboard; sourceTree = "<group>"; };
		AAC48E7822B78D8200B885A3 /* Info.plist */ = {isa = PBXFileReference; lastKnownFileType = text.plist.xml; path = Info.plist; sourceTree = "<group>"; };
		AAC48E7922B78D8200B885A3 /* main.m */ = {isa = PBXFileReference; lastKnownFileType = sourcecode.c.objc; path = main.m; sourceTree = "<group>"; };
		AAC48E7F22B78D8200B885A3 /* TMKitTests.xctest */ = {isa = PBXFileReference; explicitFileType = wrapper.cfbundle; includeInIndex = 0; path = TMKitTests.xctest; sourceTree = BUILT_PRODUCTS_DIR; };
		AAC48E8322B78D8200B885A3 /* TMKitTests.m */ = {isa = PBXFileReference; lastKnownFileType = sourcecode.c.objc; path = TMKitTests.m; sourceTree = "<group>"; };
		AAC48E8522B78D8200B885A3 /* Info.plist */ = {isa = PBXFileReference; lastKnownFileType = text.plist.xml; path = Info.plist; sourceTree = "<group>"; };
		AAC48E8A22B78D8200B885A3 /* TMKitUITests.xctest */ = {isa = PBXFileReference; explicitFileType = wrapper.cfbundle; includeInIndex = 0; path = TMKitUITests.xctest; sourceTree = BUILT_PRODUCTS_DIR; };
		AAC48E8E22B78D8200B885A3 /* TMKitUITests.m */ = {isa = PBXFileReference; lastKnownFileType = sourcecode.c.objc; path = TMKitUITests.m; sourceTree = "<group>"; };
		AAC48E9022B78D8200B885A3 /* Info.plist */ = {isa = PBXFileReference; lastKnownFileType = text.plist.xml; path = Info.plist; sourceTree = "<group>"; };
		AAC48E9D22B7915F00B885A3 /* TMDefines.h */ = {isa = PBXFileReference; lastKnownFileType = sourcecode.c.h; path = TMDefines.h; sourceTree = "<group>"; };
		AAD531ED2423736300048DD9 /* TMWebViewController.h */ = {isa = PBXFileReference; lastKnownFileType = sourcecode.c.h; path = TMWebViewController.h; sourceTree = "<group>"; };
		AAD531EE2423736300048DD9 /* TMWebViewController.m */ = {isa = PBXFileReference; lastKnownFileType = sourcecode.c.objc; path = TMWebViewController.m; sourceTree = "<group>"; };
		AAE2F521233747A000BE535B /* TMTouchID.h */ = {isa = PBXFileReference; lastKnownFileType = sourcecode.c.h; path = TMTouchID.h; sourceTree = "<group>"; };
		AAE2F522233747A000BE535B /* TMTouchID.m */ = {isa = PBXFileReference; lastKnownFileType = sourcecode.c.objc; path = TMTouchID.m; sourceTree = "<group>"; };
		AAE2F5242337576100BE535B /* UIView+TMFrame.h */ = {isa = PBXFileReference; lastKnownFileType = sourcecode.c.h; path = "UIView+TMFrame.h"; sourceTree = "<group>"; };
		AAE2F5252337576100BE535B /* UIView+TMFrame.m */ = {isa = PBXFileReference; lastKnownFileType = sourcecode.c.objc; path = "UIView+TMFrame.m"; sourceTree = "<group>"; };
		AAE2F5272337577C00BE535B /* UIView+TMCorners.h */ = {isa = PBXFileReference; lastKnownFileType = sourcecode.c.h; path = "UIView+TMCorners.h"; sourceTree = "<group>"; };
		AAE2F5282337577C00BE535B /* UIView+TMCorners.m */ = {isa = PBXFileReference; lastKnownFileType = sourcecode.c.objc; path = "UIView+TMCorners.m"; sourceTree = "<group>"; };
		AAE2F52A23375B4800BE535B /* NSObject+TMExtension.h */ = {isa = PBXFileReference; lastKnownFileType = sourcecode.c.h; path = "NSObject+TMExtension.h"; sourceTree = "<group>"; };
		AAE2F52B23375B4800BE535B /* NSObject+TMExtension.m */ = {isa = PBXFileReference; lastKnownFileType = sourcecode.c.objc; path = "NSObject+TMExtension.m"; sourceTree = "<group>"; };
		AAE660C32387730A00F58C13 /* NSDictionary+TM.h */ = {isa = PBXFileReference; lastKnownFileType = sourcecode.c.h; path = "NSDictionary+TM.h"; sourceTree = "<group>"; };
		AAE660C42387730A00F58C13 /* NSDictionary+TM.m */ = {isa = PBXFileReference; lastKnownFileType = sourcecode.c.objc; path = "NSDictionary+TM.m"; sourceTree = "<group>"; };
		AAE660D32387A94800F58C13 /* TMTextView.h */ = {isa = PBXFileReference; lastKnownFileType = sourcecode.c.h; path = TMTextView.h; sourceTree = "<group>"; };
		AAE660D42387A94800F58C13 /* TMTextView.m */ = {isa = PBXFileReference; lastKnownFileType = sourcecode.c.objc; path = TMTextView.m; sourceTree = "<group>"; };
		AAE660D92387AE4B00F58C13 /* UITextView+TM.h */ = {isa = PBXFileReference; lastKnownFileType = sourcecode.c.h; path = "UITextView+TM.h"; sourceTree = "<group>"; };
		AAE660DA2387AE4B00F58C13 /* UITextView+TM.m */ = {isa = PBXFileReference; lastKnownFileType = sourcecode.c.objc; path = "UITextView+TM.m"; sourceTree = "<group>"; };
		AAE775452352FD6F00026A17 /* NSIndexPath+TMOffset.h */ = {isa = PBXFileReference; lastKnownFileType = sourcecode.c.h; path = "NSIndexPath+TMOffset.h"; sourceTree = "<group>"; };
		AAE775462352FD6F00026A17 /* NSIndexPath+TMOffset.m */ = {isa = PBXFileReference; lastKnownFileType = sourcecode.c.objc; path = "NSIndexPath+TMOffset.m"; sourceTree = "<group>"; };
		AAE775492353040300026A17 /* NSUserDefaults+TMiCloudSync.h */ = {isa = PBXFileReference; lastKnownFileType = sourcecode.c.h; path = "NSUserDefaults+TMiCloudSync.h"; sourceTree = "<group>"; };
		AAE7754A2353040300026A17 /* NSUserDefaults+TMiCloudSync.m */ = {isa = PBXFileReference; lastKnownFileType = sourcecode.c.objc; path = "NSUserDefaults+TMiCloudSync.m"; sourceTree = "<group>"; };
		AAECFBC423D57EFA00BAD468 /* TMTranslationMainViewController.h */ = {isa = PBXFileReference; lastKnownFileType = sourcecode.c.h; path = TMTranslationMainViewController.h; sourceTree = "<group>"; };
		AAECFBC523D57EFA00BAD468 /* TMTranslationMainViewController.m */ = {isa = PBXFileReference; lastKnownFileType = sourcecode.c.objc; path = TMTranslationMainViewController.m; sourceTree = "<group>"; };
		AAECFBC723D57F1D00BAD468 /* TMTranslationModalViewController.h */ = {isa = PBXFileReference; lastKnownFileType = sourcecode.c.h; path = TMTranslationModalViewController.h; sourceTree = "<group>"; };
		AAECFBC823D57F1D00BAD468 /* TMTranslationModalViewController.m */ = {isa = PBXFileReference; lastKnownFileType = sourcecode.c.objc; path = TMTranslationModalViewController.m; sourceTree = "<group>"; };
		AAECFBCB23D5820400BAD468 /* TMBouncePresentAnimation.h */ = {isa = PBXFileReference; lastKnownFileType = sourcecode.c.h; path = TMBouncePresentAnimation.h; sourceTree = "<group>"; };
		AAECFBCC23D5820400BAD468 /* TMBouncePresentAnimation.m */ = {isa = PBXFileReference; lastKnownFileType = sourcecode.c.objc; path = TMBouncePresentAnimation.m; sourceTree = "<group>"; };
		AAECFBCE23D5821B00BAD468 /* TMNormalDismissAnimation.h */ = {isa = PBXFileReference; lastKnownFileType = sourcecode.c.h; path = TMNormalDismissAnimation.h; sourceTree = "<group>"; };
		AAECFBCF23D5821B00BAD468 /* TMNormalDismissAnimation.m */ = {isa = PBXFileReference; lastKnownFileType = sourcecode.c.objc; path = TMNormalDismissAnimation.m; sourceTree = "<group>"; };
		AAECFBD123D5824800BAD468 /* TMSwipeUpInteractiveTransition.h */ = {isa = PBXFileReference; lastKnownFileType = sourcecode.c.h; path = TMSwipeUpInteractiveTransition.h; sourceTree = "<group>"; };
		AAECFBD223D5824800BAD468 /* TMSwipeUpInteractiveTransition.m */ = {isa = PBXFileReference; lastKnownFileType = sourcecode.c.objc; path = TMSwipeUpInteractiveTransition.m; sourceTree = "<group>"; };
		AAF11DE5234C55E20095201E /* UIButton+TMCountDown.h */ = {isa = PBXFileReference; lastKnownFileType = sourcecode.c.h; path = "UIButton+TMCountDown.h"; sourceTree = "<group>"; };
		AAF11DE6234C55E20095201E /* UIButton+TMCountDown.m */ = {isa = PBXFileReference; lastKnownFileType = sourcecode.c.objc; path = "UIButton+TMCountDown.m"; sourceTree = "<group>"; };
		AAF11DE8234C596B0095201E /* UIColor+TMExtension.h */ = {isa = PBXFileReference; lastKnownFileType = sourcecode.c.h; path = "UIColor+TMExtension.h"; sourceTree = "<group>"; };
		AAF11DE9234C596B0095201E /* UIColor+TMExtension.m */ = {isa = PBXFileReference; lastKnownFileType = sourcecode.c.objc; path = "UIColor+TMExtension.m"; sourceTree = "<group>"; };
		AAF11DEB234C623E0095201E /* UIImage+TMExtension.h */ = {isa = PBXFileReference; lastKnownFileType = sourcecode.c.h; path = "UIImage+TMExtension.h"; sourceTree = "<group>"; };
		AAF11DEC234C623E0095201E /* UIImage+TMExtension.m */ = {isa = PBXFileReference; lastKnownFileType = sourcecode.c.objc; path = "UIImage+TMExtension.m"; sourceTree = "<group>"; };
		AAF11DEE234C75BD0095201E /* TMCategoriesHeader.h */ = {isa = PBXFileReference; lastKnownFileType = sourcecode.c.h; path = TMCategoriesHeader.h; sourceTree = "<group>"; };
		AAF11DEF234C78400095201E /* NSDate+TMExtension.h */ = {isa = PBXFileReference; lastKnownFileType = sourcecode.c.h; path = "NSDate+TMExtension.h"; sourceTree = "<group>"; };
		AAF11DF0234C78400095201E /* NSDate+TMExtension.m */ = {isa = PBXFileReference; lastKnownFileType = sourcecode.c.objc; path = "NSDate+TMExtension.m"; sourceTree = "<group>"; };
		AAF11DF2234C78F40095201E /* NSArray+Safe.h */ = {isa = PBXFileReference; lastKnownFileType = sourcecode.c.h; path = "NSArray+Safe.h"; sourceTree = "<group>"; };
		AAF11DF3234C78F40095201E /* NSArray+Safe.m */ = {isa = PBXFileReference; lastKnownFileType = sourcecode.c.objc; path = "NSArray+Safe.m"; sourceTree = "<group>"; };
		AAF15F06238CF89C0042A768 /* TMPrefixHeader.pch */ = {isa = PBXFileReference; lastKnownFileType = sourcecode.c.h; path = TMPrefixHeader.pch; sourceTree = "<group>"; };
		AAF2E74F23504AF7007470ED /* NSURLSession+TMSynchronousTask.h */ = {isa = PBXFileReference; lastKnownFileType = sourcecode.c.h; path = "NSURLSession+TMSynchronousTask.h"; sourceTree = "<group>"; };
		AAF2E75023504AF7007470ED /* NSURLSession+TMSynchronousTask.m */ = {isa = PBXFileReference; lastKnownFileType = sourcecode.c.objc; path = "NSURLSession+TMSynchronousTask.m"; sourceTree = "<group>"; };
		AAF2E753235053BA007470ED /* NSURLRequest+TMParams.h */ = {isa = PBXFileReference; lastKnownFileType = sourcecode.c.h; path = "NSURLRequest+TMParams.h"; sourceTree = "<group>"; };
		AAF2E754235053BA007470ED /* NSURLRequest+TMParams.m */ = {isa = PBXFileReference; lastKnownFileType = sourcecode.c.objc; path = "NSURLRequest+TMParams.m"; sourceTree = "<group>"; };
		AAFC39AF23D04D77002AB88C /* TMStarView.h */ = {isa = PBXFileReference; lastKnownFileType = sourcecode.c.h; path = TMStarView.h; sourceTree = "<group>"; };
		AAFC39B023D04D77002AB88C /* TMStarView.m */ = {isa = PBXFileReference; lastKnownFileType = sourcecode.c.objc; path = TMStarView.m; sourceTree = "<group>"; };
		BB88A2F166ECA98D44F90D14 /* Pods-TMKitTests.debug.xcconfig */ = {isa = PBXFileReference; includeInIndex = 1; lastKnownFileType = text.xcconfig; name = "Pods-TMKitTests.debug.xcconfig"; path = "Pods/Target Support Files/Pods-TMKitTests/Pods-TMKitTests.debug.xcconfig"; sourceTree = "<group>"; };
		CB0696967615F615F5D4F66A /* libPods-TMKitTests.a */ = {isa = PBXFileReference; explicitFileType = archive.ar; includeInIndex = 0; path = "libPods-TMKitTests.a"; sourceTree = BUILT_PRODUCTS_DIR; };
/* End PBXFileReference section */

/* Begin PBXFrameworksBuildPhase section */
		AAC48E6422B78D8000B885A3 /* Frameworks */ = {
			isa = PBXFrameworksBuildPhase;
			buildActionMask = 2147483647;
			files = (
				10715E5EBEC92230B874EF35 /* libPods-TMKit.a in Frameworks */,
			);
			runOnlyForDeploymentPostprocessing = 0;
		};
		AAC48E7C22B78D8200B885A3 /* Frameworks */ = {
			isa = PBXFrameworksBuildPhase;
			buildActionMask = 2147483647;
			files = (
				FD3B1E5BAC1B4C9D18AF5042 /* libPods-TMKitTests.a in Frameworks */,
			);
			runOnlyForDeploymentPostprocessing = 0;
		};
		AAC48E8722B78D8200B885A3 /* Frameworks */ = {
			isa = PBXFrameworksBuildPhase;
			buildActionMask = 2147483647;
			files = (
				687943820E67AABEFE59F59E /* libPods-TMKitUITests.a in Frameworks */,
			);
			runOnlyForDeploymentPostprocessing = 0;
		};
/* End PBXFrameworksBuildPhase section */

/* Begin PBXGroup section */
		A13860B4AD069D1CB662E4F4 /* Frameworks */ = {
			isa = PBXGroup;
			children = (
				7A2161A084AA2540F1B1A99F /* libPods-TMKit.a */,
				CB0696967615F615F5D4F66A /* libPods-TMKitTests.a */,
				A988A394459BB63A72809351 /* libPods-TMKitUITests.a */,
			);
			name = Frameworks;
			sourceTree = "<group>";
		};
		AA0252D923A863FD0098C132 /* TMCyclePagerView */ = {
			isa = PBXGroup;
			children = (
				AA0252DA23A864860098C132 /* TMPageControl.h */,
				AA0252DB23A864860098C132 /* TMPageControl.m */,
				AA0252DD23A864BD0098C132 /* TMCyclePagerView.h */,
				AA0252DE23A864BD0098C132 /* TMCyclePagerView.m */,
				AA0252E023A865640098C132 /* TMCyclePagerTransformLayout.h */,
				AA0252E123A865640098C132 /* TMCyclePagerTransformLayout.m */,
			);
			path = TMCyclePagerView;
			sourceTree = "<group>";
		};
		AA04444F2334666400FD2F07 /* Foundation */ = {
			isa = PBXGroup;
			children = (
				AAE660CA23877B7200F58C13 /* NSDta */,
				AAE660C923877B5C00F58C13 /* NSDate */,
				AAE660C823877B5000F58C13 /* NSObject */,
				AAE660C723877B4200F58C13 /* NSString */,
				AAF2E74E235047BF007470ED /* NSURLSession */,
				AAF2E75223505391007470ED /* NSURLRequest */,
				AAE775442352FD4F00026A17 /* NSIndexPath */,
				AAE77548235303C800026A17 /* NSUserDefaults */,
				AAE660C2238772D900F58C13 /* NSDictionary */,
				AAE660C623877B3000F58C13 /* NSArray */,
			);
			path = Foundation;
			sourceTree = "<group>";
		};
		AA10DE3E2420C66C00CCBFCC /* TMDragView */ = {
			isa = PBXGroup;
			children = (
				AA10DE3F2420C68B00CCBFCC /* TMDragView.h */,
				AA10DE402420C68B00CCBFCC /* TMDragView.m */,
			);
			path = TMDragView;
			sourceTree = "<group>";
		};
		AA10DE422420DC5200CCBFCC /* Demo */ = {
			isa = PBXGroup;
			children = (
				AA10DE432420DC6900CCBFCC /* TMDragViewController.h */,
				AA10DE442420DC6900CCBFCC /* TMDragViewController.m */,
				AAD531ED2423736300048DD9 /* TMWebViewController.h */,
				AAD531EE2423736300048DD9 /* TMWebViewController.m */,
				AA1B9E0924287FF5006B2910 /* TMPanModalViewController.h */,
				AA1B9E0A24287FF5006B2910 /* TMPanModalViewController.m */,
				AA1B9E0B24287FF5006B2910 /* TMPanModalViewController.xib */,
			);
			path = Demo;
			sourceTree = "<group>";
		};
		AA55E0C422B8B34D00CBC1CA /* UIKit */ = {
			isa = PBXGroup;
			children = (
				AAE660D22387A91900F58C13 /* UITextView */,
				AAE660D12387A90400F58C13 /* UIAlertController */,
				AAE660D02387A8F900F58C13 /* UIColor */,
				AAE660CF2387A8F000F58C13 /* UIImage */,
				AAE660CE2387A8E500F58C13 /* UIApplication */,
				AAE660CD2387A8D500F58C13 /* UIViewController */,
				AAE660CC2387A8C200F58C13 /* UIView */,
				AAE660CB2387A8A900F58C13 /* UIButton */,
			);
			path = UIKit;
			sourceTree = "<group>";
		};
		AAC48E5E22B78D8000B885A3 = {
			isa = PBXGroup;
			children = (
				AAC48E6922B78D8000B885A3 /* TMKit */,
				AAC48E8222B78D8200B885A3 /* TMKitTests */,
				AAC48E8D22B78D8200B885A3 /* TMKitUITests */,
				AAC48E6822B78D8000B885A3 /* Products */,
				D806710BCB015E3DB6200A37 /* Pods */,
				A13860B4AD069D1CB662E4F4 /* Frameworks */,
			);
			sourceTree = "<group>";
		};
		AAC48E6822B78D8000B885A3 /* Products */ = {
			isa = PBXGroup;
			children = (
				AAC48E6722B78D8000B885A3 /* TMKit.app */,
				AAC48E7F22B78D8200B885A3 /* TMKitTests.xctest */,
				AAC48E8A22B78D8200B885A3 /* TMKitUITests.xctest */,
			);
			name = Products;
			sourceTree = "<group>";
		};
		AAC48E6922B78D8000B885A3 /* TMKit */ = {
			isa = PBXGroup;
			children = (
				AA10DE3E2420C66C00CCBFCC /* TMDragView */,
				AAECFBC223D57E1800BAD468 /* TMTranslation */,
				AAFC39AE23D04D51002AB88C /* TMStarView */,
				AA0252D923A863FD0098C132 /* TMCyclePagerView */,
				AAE8F8B123A6207900D34BB3 /* Category */,
				AAE2F5202337477C00BE535B /* Utils */,
				AAC48E9C22B7911F00B885A3 /* TMDefines */,
				AAC48E6A22B78D8000B885A3 /* AppDelegate.h */,
				AAC48E6B22B78D8000B885A3 /* AppDelegate.m */,
				AAC48E6D22B78D8000B885A3 /* ViewController.h */,
				AAC48E6E22B78D8000B885A3 /* ViewController.m */,
				AA10DE422420DC5200CCBFCC /* Demo */,
				AAC48E7022B78D8000B885A3 /* Main.storyboard */,
				AAC48E7322B78D8200B885A3 /* Assets.xcassets */,
				AAC48E7522B78D8200B885A3 /* LaunchScreen.storyboard */,
				AAC48E7822B78D8200B885A3 /* Info.plist */,
				AAC48E7922B78D8200B885A3 /* main.m */,
				AAF15F06238CF89C0042A768 /* TMPrefixHeader.pch */,
			);
			path = TMKit;
			sourceTree = "<group>";
		};
		AAC48E8222B78D8200B885A3 /* TMKitTests */ = {
			isa = PBXGroup;
			children = (
				AAC48E8322B78D8200B885A3 /* TMKitTests.m */,
				AAC48E8522B78D8200B885A3 /* Info.plist */,
			);
			path = TMKitTests;
			sourceTree = "<group>";
		};
		AAC48E8D22B78D8200B885A3 /* TMKitUITests */ = {
			isa = PBXGroup;
			children = (
				AAC48E8E22B78D8200B885A3 /* TMKitUITests.m */,
				AAC48E9022B78D8200B885A3 /* Info.plist */,
			);
			path = TMKitUITests;
			sourceTree = "<group>";
		};
		AAC48E9C22B7911F00B885A3 /* TMDefines */ = {
			isa = PBXGroup;
			children = (
				AAC48E9D22B7915F00B885A3 /* TMDefines.h */,
				AAF11DEE234C75BD0095201E /* TMCategoriesHeader.h */,
				AA0252E323A87A8F0098C132 /* TMHeader.h */,
			);
			path = TMDefines;
			sourceTree = "<group>";
		};
		AAE2F5202337477C00BE535B /* Utils */ = {
			isa = PBXGroup;
			children = (
				AAE2F521233747A000BE535B /* TMTouchID.h */,
				AAE2F522233747A000BE535B /* TMTouchID.m */,
				AA084499234DD3F800CDAC5D /* TMFPSLabel.h */,
				AA08449A234DD3F800CDAC5D /* TMFPSLabel.m */,
				AA0487E4234F051600A7A87D /* TMAdPageView.h */,
				AA0487E5234F051600A7A87D /* TMAdPageView.m */,
			);
			path = Utils;
			sourceTree = "<group>";
		};
		AAE660C2238772D900F58C13 /* NSDictionary */ = {
			isa = PBXGroup;
			children = (
				AAE660C32387730A00F58C13 /* NSDictionary+TM.h */,
				AAE660C42387730A00F58C13 /* NSDictionary+TM.m */,
			);
			path = NSDictionary;
			sourceTree = "<group>";
		};
		AAE660C623877B3000F58C13 /* NSArray */ = {
			isa = PBXGroup;
			children = (
				AAF11DF2234C78F40095201E /* NSArray+Safe.h */,
				AAF11DF3234C78F40095201E /* NSArray+Safe.m */,
			);
			path = NSArray;
			sourceTree = "<group>";
		};
		AAE660C723877B4200F58C13 /* NSString */ = {
			isa = PBXGroup;
			children = (
				AA04444623345DB400FD2F07 /* NSString+TMExtension.h */,
				AA04444723345DB400FD2F07 /* NSString+TMExtension.m */,
				AA04444C2334664200FD2F07 /* NSString+TMRegex.h */,
				AA04444D2334664200FD2F07 /* NSString+TMRegex.m */,
				AA0444532334679300FD2F07 /* NSString+TMEncrypt.h */,
				AA0444542334679300FD2F07 /* NSString+TMEncrypt.m */,
			);
			path = NSString;
			sourceTree = "<group>";
		};
		AAE660C823877B5000F58C13 /* NSObject */ = {
			isa = PBXGroup;
			children = (
				AAE2F52A23375B4800BE535B /* NSObject+TMExtension.h */,
				AAE2F52B23375B4800BE535B /* NSObject+TMExtension.m */,
			);
			path = NSObject;
			sourceTree = "<group>";
		};
		AAE660C923877B5C00F58C13 /* NSDate */ = {
			isa = PBXGroup;
			children = (
				AAF11DEF234C78400095201E /* NSDate+TMExtension.h */,
				AAF11DF0234C78400095201E /* NSDate+TMExtension.m */,
			);
			path = NSDate;
			sourceTree = "<group>";
		};
		AAE660CA23877B7200F58C13 /* NSDta */ = {
			isa = PBXGroup;
			children = (
				AA04444923345F0C00FD2F07 /* NSData+TMEncrypt.h */,
				AA04444A23345F0C00FD2F07 /* NSData+TMEncrypt.m */,
			);
			path = NSDta;
			sourceTree = "<group>";
		};
		AAE660CB2387A8A900F58C13 /* UIButton */ = {
			isa = PBXGroup;
			children = (
				AA0A9BFF2338A39E008D0B08 /* UIButton+TMBadge.h */,
				AA0A9C002338A39E008D0B08 /* UIButton+TMBadge.m */,
				AA0A9C022338A3D1008D0B08 /* UIButton+TMExtension.h */,
				AA0A9C032338A3D1008D0B08 /* UIButton+TMExtension.m */,
				AAF11DE5234C55E20095201E /* UIButton+TMCountDown.h */,
				AAF11DE6234C55E20095201E /* UIButton+TMCountDown.m */,
			);
			path = UIButton;
			sourceTree = "<group>";
		};
		AAE660CC2387A8C200F58C13 /* UIView */ = {
			isa = PBXGroup;
			children = (
				AA00662F23B19C4300349C55 /* UIView+TMAutoLayout.h */,
				AA00663023B19C4300349C55 /* UIView+TMAutoLayout.m */,
				AA230EC522B9CB9800866C04 /* UIView+TMExtension.h */,
				AA230EC622B9CB9800866C04 /* UIView+TMExtension.m */,
				AA794C862333686200AB7EE6 /* UIView+TMGradient.h */,
				AA794C872333686200AB7EE6 /* UIView+TMGradient.m */,
				AA794C8C2333793B00AB7EE6 /* UIView+TMShadow.h */,
				AA794C8D2333793B00AB7EE6 /* UIView+TMShadow.m */,
				AA794C8F2333796700AB7EE6 /* UIView+TMTouch.h */,
				AA794C902333796700AB7EE6 /* UIView+TMTouch.m */,
				AAE2F5242337576100BE535B /* UIView+TMFrame.h */,
				AAE2F5252337576100BE535B /* UIView+TMFrame.m */,
				AAE2F5272337577C00BE535B /* UIView+TMCorners.h */,
				AAE2F5282337577C00BE535B /* UIView+TMCorners.m */,
			);
			path = UIView;
			sourceTree = "<group>";
		};
		AAE660CD2387A8D500F58C13 /* UIViewController */ = {
			isa = PBXGroup;
			children = (
				AA55E0CB22B8CBCF00CBC1CA /* UIViewController+TM.h */,
				AA55E0CC22B8CBCF00CBC1CA /* UIViewController+TM.m */,
			);
			path = UIViewController;
			sourceTree = "<group>";
		};
		AAE660CE2387A8E500F58C13 /* UIApplication */ = {
			isa = PBXGroup;
			children = (
				AA0A9BFC23385CBE008D0B08 /* UIApplication+TMExtension.h */,
				AA0A9BFD23385CBE008D0B08 /* UIApplication+TMExtension.m */,
			);
			path = UIApplication;
			sourceTree = "<group>";
		};
		AAE660CF2387A8F000F58C13 /* UIImage */ = {
			isa = PBXGroup;
			children = (
				AAF11DEB234C623E0095201E /* UIImage+TMExtension.h */,
				AAF11DEC234C623E0095201E /* UIImage+TMExtension.m */,
				AA0429B623D41ACB0021D2D2 /* UIImage+Tint.h */,
				AA0429B723D41ACB0021D2D2 /* UIImage+Tint.m */,
			);
			path = UIImage;
			sourceTree = "<group>";
		};
		AAE660D02387A8F900F58C13 /* UIColor */ = {
			isa = PBXGroup;
			children = (
				AAF11DE8234C596B0095201E /* UIColor+TMExtension.h */,
				AAF11DE9234C596B0095201E /* UIColor+TMExtension.m */,
			);
			path = UIColor;
			sourceTree = "<group>";
		};
		AAE660D12387A90400F58C13 /* UIAlertController */ = {
			isa = PBXGroup;
			children = (
				AA55E0C522B8B39A00CBC1CA /* UIAlertController+Blocks.h */,
				AA55E0C622B8B39A00CBC1CA /* UIAlertController+Blocks.m */,
			);
			path = UIAlertController;
			sourceTree = "<group>";
		};
		AAE660D22387A91900F58C13 /* UITextView */ = {
			isa = PBXGroup;
			children = (
				AAE660D32387A94800F58C13 /* TMTextView.h */,
				AAE660D42387A94800F58C13 /* TMTextView.m */,
				AAE660D92387AE4B00F58C13 /* UITextView+TM.h */,
				AAE660DA2387AE4B00F58C13 /* UITextView+TM.m */,
			);
			path = UITextView;
			sourceTree = "<group>";
		};
		AAE775442352FD4F00026A17 /* NSIndexPath */ = {
			isa = PBXGroup;
			children = (
				AAE775452352FD6F00026A17 /* NSIndexPath+TMOffset.h */,
				AAE775462352FD6F00026A17 /* NSIndexPath+TMOffset.m */,
			);
			path = NSIndexPath;
			sourceTree = "<group>";
		};
		AAE77548235303C800026A17 /* NSUserDefaults */ = {
			isa = PBXGroup;
			children = (
				AAE775492353040300026A17 /* NSUserDefaults+TMiCloudSync.h */,
				AAE7754A2353040300026A17 /* NSUserDefaults+TMiCloudSync.m */,
			);
			path = NSUserDefaults;
			sourceTree = "<group>";
		};
		AAE8F8B123A6207900D34BB3 /* Category */ = {
			isa = PBXGroup;
			children = (
				AA04444F2334666400FD2F07 /* Foundation */,
				AA55E0C422B8B34D00CBC1CA /* UIKit */,
			);
			path = Category;
			sourceTree = "<group>";
		};
		AAECFBC223D57E1800BAD468 /* TMTranslation */ = {
			isa = PBXGroup;
			children = (
				AAECFBCA23D581BD00BAD468 /* Source */,
				AAECFBC323D57ECB00BAD468 /* Demo */,
			);
			path = TMTranslation;
			sourceTree = "<group>";
		};
		AAECFBC323D57ECB00BAD468 /* Demo */ = {
			isa = PBXGroup;
			children = (
				AAECFBC423D57EFA00BAD468 /* TMTranslationMainViewController.h */,
				AAECFBC523D57EFA00BAD468 /* TMTranslationMainViewController.m */,
				AAECFBC723D57F1D00BAD468 /* TMTranslationModalViewController.h */,
				AAECFBC823D57F1D00BAD468 /* TMTranslationModalViewController.m */,
			);
			path = Demo;
			sourceTree = "<group>";
		};
		AAECFBCA23D581BD00BAD468 /* Source */ = {
			isa = PBXGroup;
			children = (
				AAECFBCB23D5820400BAD468 /* TMBouncePresentAnimation.h */,
				AAECFBCC23D5820400BAD468 /* TMBouncePresentAnimation.m */,
				AAECFBCE23D5821B00BAD468 /* TMNormalDismissAnimation.h */,
				AAECFBCF23D5821B00BAD468 /* TMNormalDismissAnimation.m */,
				AAECFBD123D5824800BAD468 /* TMSwipeUpInteractiveTransition.h */,
				AAECFBD223D5824800BAD468 /* TMSwipeUpInteractiveTransition.m */,
			);
			path = Source;
			sourceTree = "<group>";
		};
		AAF2E74E235047BF007470ED /* NSURLSession */ = {
			isa = PBXGroup;
			children = (
				AAF2E74F23504AF7007470ED /* NSURLSession+TMSynchronousTask.h */,
				AAF2E75023504AF7007470ED /* NSURLSession+TMSynchronousTask.m */,
			);
			path = NSURLSession;
			sourceTree = "<group>";
		};
		AAF2E75223505391007470ED /* NSURLRequest */ = {
			isa = PBXGroup;
			children = (
				AAF2E753235053BA007470ED /* NSURLRequest+TMParams.h */,
				AAF2E754235053BA007470ED /* NSURLRequest+TMParams.m */,
			);
			path = NSURLRequest;
			sourceTree = "<group>";
		};
		AAFC39AE23D04D51002AB88C /* TMStarView */ = {
			isa = PBXGroup;
			children = (
				AAFC39AF23D04D77002AB88C /* TMStarView.h */,
				AAFC39B023D04D77002AB88C /* TMStarView.m */,
				AA0429B023D3FC770021D2D2 /* TMStarRateView.h */,
				AA0429B123D3FC770021D2D2 /* TMStarRateView.m */,
			);
			path = TMStarView;
			sourceTree = "<group>";
		};
		D806710BCB015E3DB6200A37 /* Pods */ = {
			isa = PBXGroup;
			children = (
				076222FABFE95B64A9948F97 /* Pods-TMKit.debug.xcconfig */,
				24F3AF511F583A3EFC99ECE7 /* Pods-TMKit.release.xcconfig */,
				BB88A2F166ECA98D44F90D14 /* Pods-TMKitTests.debug.xcconfig */,
				8EF586D7F307D769E58CA115 /* Pods-TMKitTests.release.xcconfig */,
				7C6FA6813241788AFEE8EC66 /* Pods-TMKitUITests.debug.xcconfig */,
				41FA70B3D89309A4FE5412F9 /* Pods-TMKitUITests.release.xcconfig */,
			);
			name = Pods;
			sourceTree = "<group>";
		};
/* End PBXGroup section */

/* Begin PBXNativeTarget section */
		AAC48E6622B78D8000B885A3 /* TMKit */ = {
			isa = PBXNativeTarget;
			buildConfigurationList = AAC48E9322B78D8200B885A3 /* Build configuration list for PBXNativeTarget "TMKit" */;
			buildPhases = (
				8EC291DA8FE4C622E8D42713 /* [CP] Check Pods Manifest.lock */,
				AAC48E6322B78D8000B885A3 /* Sources */,
				AAC48E6422B78D8000B885A3 /* Frameworks */,
				AAC48E6522B78D8000B885A3 /* Resources */,
				69FF15EEA9AFFFC8915641B8 /* [CP] Copy Pods Resources */,
			);
			buildRules = (
			);
			dependencies = (
			);
			name = TMKit;
			productName = TMKit;
			productReference = AAC48E6722B78D8000B885A3 /* TMKit.app */;
			productType = "com.apple.product-type.application";
		};
		AAC48E7E22B78D8200B885A3 /* TMKitTests */ = {
			isa = PBXNativeTarget;
			buildConfigurationList = AAC48E9622B78D8200B885A3 /* Build configuration list for PBXNativeTarget "TMKitTests" */;
			buildPhases = (
				1E22FA0F57339F40F570DC6E /* [CP] Check Pods Manifest.lock */,
				AAC48E7B22B78D8200B885A3 /* Sources */,
				AAC48E7C22B78D8200B885A3 /* Frameworks */,
				AAC48E7D22B78D8200B885A3 /* Resources */,
			);
			buildRules = (
			);
			dependencies = (
				AAC48E8122B78D8200B885A3 /* PBXTargetDependency */,
			);
			name = TMKitTests;
			productName = TMKitTests;
			productReference = AAC48E7F22B78D8200B885A3 /* TMKitTests.xctest */;
			productType = "com.apple.product-type.bundle.unit-test";
		};
		AAC48E8922B78D8200B885A3 /* TMKitUITests */ = {
			isa = PBXNativeTarget;
			buildConfigurationList = AAC48E9922B78D8200B885A3 /* Build configuration list for PBXNativeTarget "TMKitUITests" */;
			buildPhases = (
				88D9C1F3265A9F2E6AA509BC /* [CP] Check Pods Manifest.lock */,
				AAC48E8622B78D8200B885A3 /* Sources */,
				AAC48E8722B78D8200B885A3 /* Frameworks */,
				AAC48E8822B78D8200B885A3 /* Resources */,
			);
			buildRules = (
			);
			dependencies = (
				AAC48E8C22B78D8200B885A3 /* PBXTargetDependency */,
			);
			name = TMKitUITests;
			productName = TMKitUITests;
			productReference = AAC48E8A22B78D8200B885A3 /* TMKitUITests.xctest */;
			productType = "com.apple.product-type.bundle.ui-testing";
		};
/* End PBXNativeTarget section */

/* Begin PBXProject section */
		AAC48E5F22B78D8000B885A3 /* Project object */ = {
			isa = PBXProject;
			attributes = {
				LastUpgradeCheck = 1020;
				ORGANIZATIONNAME = mrstock;
				TargetAttributes = {
					AAC48E6622B78D8000B885A3 = {
						CreatedOnToolsVersion = 10.2;
					};
					AAC48E7E22B78D8200B885A3 = {
						CreatedOnToolsVersion = 10.2;
						TestTargetID = AAC48E6622B78D8000B885A3;
					};
					AAC48E8922B78D8200B885A3 = {
						CreatedOnToolsVersion = 10.2;
						TestTargetID = AAC48E6622B78D8000B885A3;
					};
				};
			};
			buildConfigurationList = AAC48E6222B78D8000B885A3 /* Build configuration list for PBXProject "TMKit" */;
			compatibilityVersion = "Xcode 9.3";
			developmentRegion = en;
			hasScannedForEncodings = 0;
			knownRegions = (
				en,
				Base,
			);
			mainGroup = AAC48E5E22B78D8000B885A3;
			productRefGroup = AAC48E6822B78D8000B885A3 /* Products */;
			projectDirPath = "";
			projectRoot = "";
			targets = (
				AAC48E6622B78D8000B885A3 /* TMKit */,
				AAC48E7E22B78D8200B885A3 /* TMKitTests */,
				AAC48E8922B78D8200B885A3 /* TMKitUITests */,
			);
		};
/* End PBXProject section */

/* Begin PBXResourcesBuildPhase section */
		AAC48E6522B78D8000B885A3 /* Resources */ = {
			isa = PBXResourcesBuildPhase;
			buildActionMask = 2147483647;
			files = (
				AAC48E7722B78D8200B885A3 /* LaunchScreen.storyboard in Resources */,
				AA1B9E0D24287FF5006B2910 /* TMPanModalViewController.xib in Resources */,
				AAC48E7422B78D8200B885A3 /* Assets.xcassets in Resources */,
				AAC48E7222B78D8000B885A3 /* Main.storyboard in Resources */,
			);
			runOnlyForDeploymentPostprocessing = 0;
		};
		AAC48E7D22B78D8200B885A3 /* Resources */ = {
			isa = PBXResourcesBuildPhase;
			buildActionMask = 2147483647;
			files = (
			);
			runOnlyForDeploymentPostprocessing = 0;
		};
		AAC48E8822B78D8200B885A3 /* Resources */ = {
			isa = PBXResourcesBuildPhase;
			buildActionMask = 2147483647;
			files = (
			);
			runOnlyForDeploymentPostprocessing = 0;
		};
/* End PBXResourcesBuildPhase section */

/* Begin PBXShellScriptBuildPhase section */
		1E22FA0F57339F40F570DC6E /* [CP] Check Pods Manifest.lock */ = {
			isa = PBXShellScriptBuildPhase;
			buildActionMask = 2147483647;
			files = (
			);
			inputFileListPaths = (
			);
			inputPaths = (
				"${PODS_PODFILE_DIR_PATH}/Podfile.lock",
				"${PODS_ROOT}/Manifest.lock",
			);
			name = "[CP] Check Pods Manifest.lock";
			outputFileListPaths = (
			);
			outputPaths = (
				"$(DERIVED_FILE_DIR)/Pods-TMKitTests-checkManifestLockResult.txt",
			);
			runOnlyForDeploymentPostprocessing = 0;
			shellPath = /bin/sh;
			shellScript = "diff \"${PODS_PODFILE_DIR_PATH}/Podfile.lock\" \"${PODS_ROOT}/Manifest.lock\" > /dev/null\nif [ $? != 0 ] ; then\n    # print error to STDERR\n    echo \"error: The sandbox is not in sync with the Podfile.lock. Run 'pod install' or update your CocoaPods installation.\" >&2\n    exit 1\nfi\n# This output is used by Xcode 'outputs' to avoid re-running this script phase.\necho \"SUCCESS\" > \"${SCRIPT_OUTPUT_FILE_0}\"\n";
			showEnvVarsInLog = 0;
		};
		69FF15EEA9AFFFC8915641B8 /* [CP] Copy Pods Resources */ = {
			isa = PBXShellScriptBuildPhase;
			buildActionMask = 2147483647;
			files = (
			);
			inputFileListPaths = (
				"${PODS_ROOT}/Target Support Files/Pods-TMKit/Pods-TMKit-resources-${CONFIGURATION}-input-files.xcfilelist",
			);
			name = "[CP] Copy Pods Resources";
			outputFileListPaths = (
				"${PODS_ROOT}/Target Support Files/Pods-TMKit/Pods-TMKit-resources-${CONFIGURATION}-output-files.xcfilelist",
			);
			runOnlyForDeploymentPostprocessing = 0;
			shellPath = /bin/sh;
			shellScript = "\"${PODS_ROOT}/Target Support Files/Pods-TMKit/Pods-TMKit-resources.sh\"\n";
			showEnvVarsInLog = 0;
		};
		88D9C1F3265A9F2E6AA509BC /* [CP] Check Pods Manifest.lock */ = {
			isa = PBXShellScriptBuildPhase;
			buildActionMask = 2147483647;
			files = (
			);
			inputFileListPaths = (
			);
			inputPaths = (
				"${PODS_PODFILE_DIR_PATH}/Podfile.lock",
				"${PODS_ROOT}/Manifest.lock",
			);
			name = "[CP] Check Pods Manifest.lock";
			outputFileListPaths = (
			);
			outputPaths = (
				"$(DERIVED_FILE_DIR)/Pods-TMKitUITests-checkManifestLockResult.txt",
			);
			runOnlyForDeploymentPostprocessing = 0;
			shellPath = /bin/sh;
			shellScript = "diff \"${PODS_PODFILE_DIR_PATH}/Podfile.lock\" \"${PODS_ROOT}/Manifest.lock\" > /dev/null\nif [ $? != 0 ] ; then\n    # print error to STDERR\n    echo \"error: The sandbox is not in sync with the Podfile.lock. Run 'pod install' or update your CocoaPods installation.\" >&2\n    exit 1\nfi\n# This output is used by Xcode 'outputs' to avoid re-running this script phase.\necho \"SUCCESS\" > \"${SCRIPT_OUTPUT_FILE_0}\"\n";
			showEnvVarsInLog = 0;
		};
		8EC291DA8FE4C622E8D42713 /* [CP] Check Pods Manifest.lock */ = {
			isa = PBXShellScriptBuildPhase;
			buildActionMask = 2147483647;
			files = (
			);
			inputFileListPaths = (
			);
			inputPaths = (
				"${PODS_PODFILE_DIR_PATH}/Podfile.lock",
				"${PODS_ROOT}/Manifest.lock",
			);
			name = "[CP] Check Pods Manifest.lock";
			outputFileListPaths = (
			);
			outputPaths = (
				"$(DERIVED_FILE_DIR)/Pods-TMKit-checkManifestLockResult.txt",
			);
			runOnlyForDeploymentPostprocessing = 0;
			shellPath = /bin/sh;
			shellScript = "diff \"${PODS_PODFILE_DIR_PATH}/Podfile.lock\" \"${PODS_ROOT}/Manifest.lock\" > /dev/null\nif [ $? != 0 ] ; then\n    # print error to STDERR\n    echo \"error: The sandbox is not in sync with the Podfile.lock. Run 'pod install' or update your CocoaPods installation.\" >&2\n    exit 1\nfi\n# This output is used by Xcode 'outputs' to avoid re-running this script phase.\necho \"SUCCESS\" > \"${SCRIPT_OUTPUT_FILE_0}\"\n";
			showEnvVarsInLog = 0;
		};
/* End PBXShellScriptBuildPhase section */

/* Begin PBXSourcesBuildPhase section */
		AAC48E6322B78D8000B885A3 /* Sources */ = {
			isa = PBXSourcesBuildPhase;
			buildActionMask = 2147483647;
			files = (
				AA0487E6234F051600A7A87D /* TMAdPageView.m in Sources */,
				AA08449B234DD3F800CDAC5D /* TMFPSLabel.m in Sources */,
				AAF11DED234C623E0095201E /* UIImage+TMExtension.m in Sources */,
				AAE660DB2387AE4B00F58C13 /* UITextView+TM.m in Sources */,
				AA0429B223D3FC770021D2D2 /* TMStarRateView.m in Sources */,
				AA10DE412420C68B00CCBFCC /* TMDragView.m in Sources */,
				AAD531F02423736300048DD9 /* TMWebViewController.m in Sources */,
				AAE660C52387730A00F58C13 /* NSDictionary+TM.m in Sources */,
				AAECFBCD23D5820400BAD468 /* TMBouncePresentAnimation.m in Sources */,
				AA55E0C722B8B39A00CBC1CA /* UIAlertController+Blocks.m in Sources */,
				AAF11DF1234C78400095201E /* NSDate+TMExtension.m in Sources */,
				AA794C882333686200AB7EE6 /* UIView+TMGradient.m in Sources */,
				AAF11DE7234C55E20095201E /* UIButton+TMCountDown.m in Sources */,
				AAE660D52387A94800F58C13 /* TMTextView.m in Sources */,
				AAC48E6F22B78D8000B885A3 /* ViewController.m in Sources */,
				AA00663123B19C4300349C55 /* UIView+TMAutoLayout.m in Sources */,
				AA10DE452420DC6900CCBFCC /* TMDragViewController.m in Sources */,
				AA55E0CD22B8CBCF00CBC1CA /* UIViewController+TM.m in Sources */,
				AAECFBC923D57F1D00BAD468 /* TMTranslationModalViewController.m in Sources */,
				AA0252DC23A864860098C132 /* TMPageControl.m in Sources */,
				AAC48E7A22B78D8200B885A3 /* main.m in Sources */,
				AAE2F5262337576100BE535B /* UIView+TMFrame.m in Sources */,
				AAFC39B123D04D77002AB88C /* TMStarView.m in Sources */,
				AA0252E223A865640098C132 /* TMCyclePagerTransformLayout.m in Sources */,
				AAE2F52C23375B4800BE535B /* NSObject+TMExtension.m in Sources */,
				AAE7754B2353040300026A17 /* NSUserDefaults+TMiCloudSync.m in Sources */,
				AAECFBC623D57EFA00BAD468 /* TMTranslationMainViewController.m in Sources */,
				AAE2F523233747A000BE535B /* TMTouchID.m in Sources */,
				AA794C912333796700AB7EE6 /* UIView+TMTouch.m in Sources */,
				AA794C8E2333793B00AB7EE6 /* UIView+TMShadow.m in Sources */,
				AAF11DF4234C78F40095201E /* NSArray+Safe.m in Sources */,
				AA1B9E0C24287FF5006B2910 /* TMPanModalViewController.m in Sources */,
				AAE775472352FD6F00026A17 /* NSIndexPath+TMOffset.m in Sources */,
				AAC48E6C22B78D8000B885A3 /* AppDelegate.m in Sources */,
				AA0429B823D41ACB0021D2D2 /* UIImage+Tint.m in Sources */,
				AA0252DF23A864BD0098C132 /* TMCyclePagerView.m in Sources */,
				AAECFBD023D5821B00BAD468 /* TMNormalDismissAnimation.m in Sources */,
				AA04444823345DB400FD2F07 /* NSString+TMExtension.m in Sources */,
				AA0A9C042338A3D1008D0B08 /* UIButton+TMExtension.m in Sources */,
				AA230EC722B9CB9800866C04 /* UIView+TMExtension.m in Sources */,
				AA04444B23345F0C00FD2F07 /* NSData+TMEncrypt.m in Sources */,
				AA0A9BFE23385CBE008D0B08 /* UIApplication+TMExtension.m in Sources */,
				AA0A9C012338A39E008D0B08 /* UIButton+TMBadge.m in Sources */,
				AAE2F5292337577C00BE535B /* UIView+TMCorners.m in Sources */,
				AAF11DEA234C596B0095201E /* UIColor+TMExtension.m in Sources */,
				AA0444552334679300FD2F07 /* NSString+TMEncrypt.m in Sources */,
				AAECFBD323D5824800BAD468 /* TMSwipeUpInteractiveTransition.m in Sources */,
				AA04444E2334664200FD2F07 /* NSString+TMRegex.m in Sources */,
				AAF2E755235053BA007470ED /* NSURLRequest+TMParams.m in Sources */,
				AAF2E75123504AF7007470ED /* NSURLSession+TMSynchronousTask.m in Sources */,
			);
			runOnlyForDeploymentPostprocessing = 0;
		};
		AAC48E7B22B78D8200B885A3 /* Sources */ = {
			isa = PBXSourcesBuildPhase;
			buildActionMask = 2147483647;
			files = (
				AAC48E8422B78D8200B885A3 /* TMKitTests.m in Sources */,
			);
			runOnlyForDeploymentPostprocessing = 0;
		};
		AAC48E8622B78D8200B885A3 /* Sources */ = {
			isa = PBXSourcesBuildPhase;
			buildActionMask = 2147483647;
			files = (
				AAC48E8F22B78D8200B885A3 /* TMKitUITests.m in Sources */,
			);
			runOnlyForDeploymentPostprocessing = 0;
		};
/* End PBXSourcesBuildPhase section */

/* Begin PBXTargetDependency section */
		AAC48E8122B78D8200B885A3 /* PBXTargetDependency */ = {
			isa = PBXTargetDependency;
			target = AAC48E6622B78D8000B885A3 /* TMKit */;
			targetProxy = AAC48E8022B78D8200B885A3 /* PBXContainerItemProxy */;
		};
		AAC48E8C22B78D8200B885A3 /* PBXTargetDependency */ = {
			isa = PBXTargetDependency;
			target = AAC48E6622B78D8000B885A3 /* TMKit */;
			targetProxy = AAC48E8B22B78D8200B885A3 /* PBXContainerItemProxy */;
		};
/* End PBXTargetDependency section */

/* Begin PBXVariantGroup section */
		AAC48E7022B78D8000B885A3 /* Main.storyboard */ = {
			isa = PBXVariantGroup;
			children = (
				AAC48E7122B78D8000B885A3 /* Base */,
			);
			name = Main.storyboard;
			sourceTree = "<group>";
		};
		AAC48E7522B78D8200B885A3 /* LaunchScreen.storyboard */ = {
			isa = PBXVariantGroup;
			children = (
				AAC48E7622B78D8200B885A3 /* Base */,
			);
			name = LaunchScreen.storyboard;
			sourceTree = "<group>";
		};
/* End PBXVariantGroup section */

/* Begin XCBuildConfiguration section */
		AAC48E9122B78D8200B885A3 /* Debug */ = {
			isa = XCBuildConfiguration;
			buildSettings = {
				ALWAYS_SEARCH_USER_PATHS = NO;
				CLANG_ANALYZER_NONNULL = YES;
				CLANG_ANALYZER_NUMBER_OBJECT_CONVERSION = YES_AGGRESSIVE;
				CLANG_CXX_LANGUAGE_STANDARD = "gnu++14";
				CLANG_CXX_LIBRARY = "libc++";
				CLANG_ENABLE_MODULES = YES;
				CLANG_ENABLE_OBJC_ARC = YES;
				CLANG_ENABLE_OBJC_WEAK = YES;
				CLANG_WARN_BLOCK_CAPTURE_AUTORELEASING = YES;
				CLANG_WARN_BOOL_CONVERSION = YES;
				CLANG_WARN_COMMA = YES;
				CLANG_WARN_CONSTANT_CONVERSION = YES;
				CLANG_WARN_DEPRECATED_OBJC_IMPLEMENTATIONS = YES;
				CLANG_WARN_DIRECT_OBJC_ISA_USAGE = YES_ERROR;
				CLANG_WARN_DOCUMENTATION_COMMENTS = YES;
				CLANG_WARN_EMPTY_BODY = YES;
				CLANG_WARN_ENUM_CONVERSION = YES;
				CLANG_WARN_INFINITE_RECURSION = YES;
				CLANG_WARN_INT_CONVERSION = YES;
				CLANG_WARN_NON_LITERAL_NULL_CONVERSION = YES;
				CLANG_WARN_OBJC_IMPLICIT_RETAIN_SELF = YES;
				CLANG_WARN_OBJC_LITERAL_CONVERSION = YES;
				CLANG_WARN_OBJC_ROOT_CLASS = YES_ERROR;
				CLANG_WARN_RANGE_LOOP_ANALYSIS = YES;
				CLANG_WARN_STRICT_PROTOTYPES = YES;
				CLANG_WARN_SUSPICIOUS_MOVE = YES;
				CLANG_WARN_UNGUARDED_AVAILABILITY = YES_AGGRESSIVE;
				CLANG_WARN_UNREACHABLE_CODE = YES;
				CLANG_WARN__DUPLICATE_METHOD_MATCH = YES;
				CODE_SIGN_IDENTITY = "iPhone Developer";
				COPY_PHASE_STRIP = NO;
				DEBUG_INFORMATION_FORMAT = dwarf;
				ENABLE_STRICT_OBJC_MSGSEND = YES;
				ENABLE_TESTABILITY = YES;
				GCC_C_LANGUAGE_STANDARD = gnu11;
				GCC_DYNAMIC_NO_PIC = NO;
				GCC_NO_COMMON_BLOCKS = YES;
				GCC_OPTIMIZATION_LEVEL = 0;
				GCC_PREPROCESSOR_DEFINITIONS = (
					"DEBUG=1",
					"$(inherited)",
				);
				GCC_WARN_64_TO_32_BIT_CONVERSION = YES;
				GCC_WARN_ABOUT_RETURN_TYPE = YES_ERROR;
				GCC_WARN_UNDECLARED_SELECTOR = YES;
				GCC_WARN_UNINITIALIZED_AUTOS = YES_AGGRESSIVE;
				GCC_WARN_UNUSED_FUNCTION = YES;
				GCC_WARN_UNUSED_VARIABLE = YES;
				IPHONEOS_DEPLOYMENT_TARGET = 12.2;
				MTL_ENABLE_DEBUG_INFO = INCLUDE_SOURCE;
				MTL_FAST_MATH = YES;
				ONLY_ACTIVE_ARCH = YES;
				SDKROOT = iphoneos;
			};
			name = Debug;
		};
		AAC48E9222B78D8200B885A3 /* Release */ = {
			isa = XCBuildConfiguration;
			buildSettings = {
				ALWAYS_SEARCH_USER_PATHS = NO;
				CLANG_ANALYZER_NONNULL = YES;
				CLANG_ANALYZER_NUMBER_OBJECT_CONVERSION = YES_AGGRESSIVE;
				CLANG_CXX_LANGUAGE_STANDARD = "gnu++14";
				CLANG_CXX_LIBRARY = "libc++";
				CLANG_ENABLE_MODULES = YES;
				CLANG_ENABLE_OBJC_ARC = YES;
				CLANG_ENABLE_OBJC_WEAK = YES;
				CLANG_WARN_BLOCK_CAPTURE_AUTORELEASING = YES;
				CLANG_WARN_BOOL_CONVERSION = YES;
				CLANG_WARN_COMMA = YES;
				CLANG_WARN_CONSTANT_CONVERSION = YES;
				CLANG_WARN_DEPRECATED_OBJC_IMPLEMENTATIONS = YES;
				CLANG_WARN_DIRECT_OBJC_ISA_USAGE = YES_ERROR;
				CLANG_WARN_DOCUMENTATION_COMMENTS = YES;
				CLANG_WARN_EMPTY_BODY = YES;
				CLANG_WARN_ENUM_CONVERSION = YES;
				CLANG_WARN_INFINITE_RECURSION = YES;
				CLANG_WARN_INT_CONVERSION = YES;
				CLANG_WARN_NON_LITERAL_NULL_CONVERSION = YES;
				CLANG_WARN_OBJC_IMPLICIT_RETAIN_SELF = YES;
				CLANG_WARN_OBJC_LITERAL_CONVERSION = YES;
				CLANG_WARN_OBJC_ROOT_CLASS = YES_ERROR;
				CLANG_WARN_RANGE_LOOP_ANALYSIS = YES;
				CLANG_WARN_STRICT_PROTOTYPES = YES;
				CLANG_WARN_SUSPICIOUS_MOVE = YES;
				CLANG_WARN_UNGUARDED_AVAILABILITY = YES_AGGRESSIVE;
				CLANG_WARN_UNREACHABLE_CODE = YES;
				CLANG_WARN__DUPLICATE_METHOD_MATCH = YES;
				CODE_SIGN_IDENTITY = "iPhone Developer";
				COPY_PHASE_STRIP = NO;
				DEBUG_INFORMATION_FORMAT = "dwarf-with-dsym";
				ENABLE_NS_ASSERTIONS = NO;
				ENABLE_STRICT_OBJC_MSGSEND = YES;
				GCC_C_LANGUAGE_STANDARD = gnu11;
				GCC_NO_COMMON_BLOCKS = YES;
				GCC_WARN_64_TO_32_BIT_CONVERSION = YES;
				GCC_WARN_ABOUT_RETURN_TYPE = YES_ERROR;
				GCC_WARN_UNDECLARED_SELECTOR = YES;
				GCC_WARN_UNINITIALIZED_AUTOS = YES_AGGRESSIVE;
				GCC_WARN_UNUSED_FUNCTION = YES;
				GCC_WARN_UNUSED_VARIABLE = YES;
				IPHONEOS_DEPLOYMENT_TARGET = 12.2;
				MTL_ENABLE_DEBUG_INFO = NO;
				MTL_FAST_MATH = YES;
				SDKROOT = iphoneos;
				VALIDATE_PRODUCT = YES;
			};
			name = Release;
		};
		AAC48E9422B78D8200B885A3 /* Debug */ = {
			isa = XCBuildConfiguration;
			baseConfigurationReference = 076222FABFE95B64A9948F97 /* Pods-TMKit.debug.xcconfig */;
			buildSettings = {
				ASSETCATALOG_COMPILER_APPICON_NAME = AppIcon;
				CODE_SIGN_STYLE = Automatic;
				DEVELOPMENT_TEAM = X4634493CA;
				GCC_PREFIX_HEADER = "$(SRCROOT)/TMKit/TMPrefixHeader.pch";
				INFOPLIST_FILE = TMKit/Info.plist;
				IPHONEOS_DEPLOYMENT_TARGET = 9.0;
				LD_RUNPATH_SEARCH_PATHS = (
					"$(inherited)",
					"@executable_path/Frameworks",
				);
				PRODUCT_BUNDLE_IDENTIFIER = com.mrstock.TMKit;
				PRODUCT_NAME = "$(TARGET_NAME)";
				TARGETED_DEVICE_FAMILY = "1,2";
			};
			name = Debug;
		};
		AAC48E9522B78D8200B885A3 /* Release */ = {
			isa = XCBuildConfiguration;
			baseConfigurationReference = 24F3AF511F583A3EFC99ECE7 /* Pods-TMKit.release.xcconfig */;
			buildSettings = {
				ASSETCATALOG_COMPILER_APPICON_NAME = AppIcon;
				CODE_SIGN_STYLE = Automatic;
				DEVELOPMENT_TEAM = X4634493CA;
				GCC_PREFIX_HEADER = "$(SRCROOT)/TMKit/TMPrefixHeader.pch";
				INFOPLIST_FILE = TMKit/Info.plist;
				IPHONEOS_DEPLOYMENT_TARGET = 9.0;
				LD_RUNPATH_SEARCH_PATHS = (
					"$(inherited)",
					"@executable_path/Frameworks",
				);
				PRODUCT_BUNDLE_IDENTIFIER = com.mrstock.TMKit;
				PRODUCT_NAME = "$(TARGET_NAME)";
				TARGETED_DEVICE_FAMILY = "1,2";
			};
			name = Release;
		};
		AAC48E9722B78D8200B885A3 /* Debug */ = {
			isa = XCBuildConfiguration;
			baseConfigurationReference = BB88A2F166ECA98D44F90D14 /* Pods-TMKitTests.debug.xcconfig */;
			buildSettings = {
				BUNDLE_LOADER = "$(TEST_HOST)";
				CODE_SIGN_STYLE = Automatic;
				INFOPLIST_FILE = TMKitTests/Info.plist;
				LD_RUNPATH_SEARCH_PATHS = (
					"$(inherited)",
					"@executable_path/Frameworks",
					"@loader_path/Frameworks",
				);
				PRODUCT_BUNDLE_IDENTIFIER = com.mrstock.TMKitTests;
				PRODUCT_NAME = "$(TARGET_NAME)";
				TARGETED_DEVICE_FAMILY = "1,2";
				TEST_HOST = "$(BUILT_PRODUCTS_DIR)/TMKit.app/TMKit";
			};
			name = Debug;
		};
		AAC48E9822B78D8200B885A3 /* Release */ = {
			isa = XCBuildConfiguration;
			baseConfigurationReference = 8EF586D7F307D769E58CA115 /* Pods-TMKitTests.release.xcconfig */;
			buildSettings = {
				BUNDLE_LOADER = "$(TEST_HOST)";
				CODE_SIGN_STYLE = Automatic;
				INFOPLIST_FILE = TMKitTests/Info.plist;
				LD_RUNPATH_SEARCH_PATHS = (
					"$(inherited)",
					"@executable_path/Frameworks",
					"@loader_path/Frameworks",
				);
				PRODUCT_BUNDLE_IDENTIFIER = com.mrstock.TMKitTests;
				PRODUCT_NAME = "$(TARGET_NAME)";
				TARGETED_DEVICE_FAMILY = "1,2";
				TEST_HOST = "$(BUILT_PRODUCTS_DIR)/TMKit.app/TMKit";
			};
			name = Release;
		};
		AAC48E9A22B78D8200B885A3 /* Debug */ = {
			isa = XCBuildConfiguration;
			baseConfigurationReference = 7C6FA6813241788AFEE8EC66 /* Pods-TMKitUITests.debug.xcconfig */;
			buildSettings = {
				CODE_SIGN_STYLE = Automatic;
				INFOPLIST_FILE = TMKitUITests/Info.plist;
				LD_RUNPATH_SEARCH_PATHS = (
					"$(inherited)",
					"@executable_path/Frameworks",
					"@loader_path/Frameworks",
				);
				PRODUCT_BUNDLE_IDENTIFIER = com.mrstock.TMKitUITests;
				PRODUCT_NAME = "$(TARGET_NAME)";
				TARGETED_DEVICE_FAMILY = "1,2";
				TEST_TARGET_NAME = TMKit;
			};
			name = Debug;
		};
		AAC48E9B22B78D8200B885A3 /* Release */ = {
			isa = XCBuildConfiguration;
			baseConfigurationReference = 41FA70B3D89309A4FE5412F9 /* Pods-TMKitUITests.release.xcconfig */;
			buildSettings = {
				CODE_SIGN_STYLE = Automatic;
				INFOPLIST_FILE = TMKitUITests/Info.plist;
				LD_RUNPATH_SEARCH_PATHS = (
					"$(inherited)",
					"@executable_path/Frameworks",
					"@loader_path/Frameworks",
				);
				PRODUCT_BUNDLE_IDENTIFIER = com.mrstock.TMKitUITests;
				PRODUCT_NAME = "$(TARGET_NAME)";
				TARGETED_DEVICE_FAMILY = "1,2";
				TEST_TARGET_NAME = TMKit;
			};
			name = Release;
		};
/* End XCBuildConfiguration section */

/* Begin XCConfigurationList section */
		AAC48E6222B78D8000B885A3 /* Build configuration list for PBXProject "TMKit" */ = {
			isa = XCConfigurationList;
			buildConfigurations = (
				AAC48E9122B78D8200B885A3 /* Debug */,
				AAC48E9222B78D8200B885A3 /* Release */,
			);
			defaultConfigurationIsVisible = 0;
			defaultConfigurationName = Release;
		};
		AAC48E9322B78D8200B885A3 /* Build configuration list for PBXNativeTarget "TMKit" */ = {
			isa = XCConfigurationList;
			buildConfigurations = (
				AAC48E9422B78D8200B885A3 /* Debug */,
				AAC48E9522B78D8200B885A3 /* Release */,
			);
			defaultConfigurationIsVisible = 0;
			defaultConfigurationName = Release;
		};
		AAC48E9622B78D8200B885A3 /* Build configuration list for PBXNativeTarget "TMKitTests" */ = {
			isa = XCConfigurationList;
			buildConfigurations = (
				AAC48E9722B78D8200B885A3 /* Debug */,
				AAC48E9822B78D8200B885A3 /* Release */,
			);
			defaultConfigurationIsVisible = 0;
			defaultConfigurationName = Release;
		};
		AAC48E9922B78D8200B885A3 /* Build configuration list for PBXNativeTarget "TMKitUITests" */ = {
			isa = XCConfigurationList;
			buildConfigurations = (
				AAC48E9A22B78D8200B885A3 /* Debug */,
				AAC48E9B22B78D8200B885A3 /* Release */,
			);
			defaultConfigurationIsVisible = 0;
			defaultConfigurationName = Release;
		};
/* End XCConfigurationList section */
	};
	rootObject = AAC48E5F22B78D8000B885A3 /* Project object */;
}
